// !$*UTF8*$!
{
	archiveVersion = 1;
	classes = {
	};
	objectVersion = 56;
	objects = {

/* Begin PBXBuildFile section */
		23312E1699B2096F7EA3DAD6 /* Pods_Habitors.framework in Frameworks */ = {isa = PBXBuildFile; fileRef = EC7B1BE09FE7CF60A0E460AF /* Pods_Habitors.framework */; };
		241806742D82B19900E54E41 /* HomeCoordinator.swift in Sources */ = {isa = PBXBuildFile; fileRef = 241806702D82B19900E54E41 /* HomeCoordinator.swift */; };
		241806752D82B19900E54E41 /* HomeViewController.swift in Sources */ = {isa = PBXBuildFile; fileRef = 241806712D82B19900E54E41 /* HomeViewController.swift */; };
		241806762D82B19900E54E41 /* HomeViewModel.swift in Sources */ = {isa = PBXBuildFile; fileRef = 241806722D82B19900E54E41 /* HomeViewModel.swift */; };
		24E9230B2D8A931B00E9B96C /* Habit.swift in Sources */ = {isa = PBXBuildFile; fileRef = 24E9230A2D8A931B00E9B96C /* Habit.swift */; };
		24E9230F2D8A94F200E9B96C /* HabitCategory.swift in Sources */ = {isa = PBXBuildFile; fileRef = 24E9230E2D8A94F200E9B96C /* HabitCategory.swift */; };
		24E923112D8A953E00E9B96C /* AppConst.swift in Sources */ = {isa = PBXBuildFile; fileRef = 24E923102D8A953E00E9B96C /* AppConst.swift */; };
		24E923132D8A988E00E9B96C /* GoalUnit.swift in Sources */ = {isa = PBXBuildFile; fileRef = 24E923122D8A988E00E9B96C /* GoalUnit.swift */; };
		24E923192D8A9C0A00E9B96C /* ChooseTemplateHabitCoordinator.swift in Sources */ = {isa = PBXBuildFile; fileRef = 24E923152D8A9C0A00E9B96C /* ChooseTemplateHabitCoordinator.swift */; };
		24E9231A2D8A9C0A00E9B96C /* ChooseTemplateHabitViewController.swift in Sources */ = {isa = PBXBuildFile; fileRef = 24E923162D8A9C0A00E9B96C /* ChooseTemplateHabitViewController.swift */; };
		24E9231B2D8A9C0A00E9B96C /* ChooseTemplateHabitViewModel.swift in Sources */ = {isa = PBXBuildFile; fileRef = 24E923172D8A9C0A00E9B96C /* ChooseTemplateHabitViewModel.swift */; };
		24E9231E2D8A9C2F00E9B96C /* ChooseTemplateHabitView.swift in Sources */ = {isa = PBXBuildFile; fileRef = 24E9231D2D8A9C2F00E9B96C /* ChooseTemplateHabitView.swift */; };
		B230D77A2DB7EB800040359E /* HealthService.swift in Sources */ = {isa = PBXBuildFile; fileRef = B230D7792DB7EB800040359E /* HealthService.swift */; };
		B230D77E2DB7ED5F0040359E /* ExerciseTimeService.swift in Sources */ = {isa = PBXBuildFile; fileRef = B230D77D2DB7ED560040359E /* ExerciseTimeService.swift */; };
		B230D7802DB7EE170040359E /* WaterService.swift in Sources */ = {isa = PBXBuildFile; fileRef = B230D77F2DB7EE140040359E /* WaterService.swift */; };
		B230D7872DB805340040359E /* Translator.swift in Sources */ = {isa = PBXBuildFile; fileRef = B230D7862DB805340040359E /* Translator.swift */; };
		B230D78D2DB8134F0040359E /* Localizable.strings in Resources */ = {isa = PBXBuildFile; fileRef = B230D78B2DB8134F0040359E /* Localizable.strings */; };
		B23110D72DB76331009777FE /* SettingViewModel.swift in Sources */ = {isa = PBXBuildFile; fileRef = B23110D52DB76331009777FE /* SettingViewModel.swift */; };
		B23110D82DB76331009777FE /* SettingCoordinator.swift in Sources */ = {isa = PBXBuildFile; fileRef = B23110D22DB76331009777FE /* SettingCoordinator.swift */; };
		B23110D92DB76331009777FE /* SettingViewController.swift in Sources */ = {isa = PBXBuildFile; fileRef = B23110D32DB76331009777FE /* SettingViewController.swift */; };
		B23110DB2DB7633F009777FE /* SettingView.swift in Sources */ = {isa = PBXBuildFile; fileRef = B23110DA2DB7633F009777FE /* SettingView.swift */; };
		B23110DD2DB76352009777FE /* User.swift in Sources */ = {isa = PBXBuildFile; fileRef = B23110DC2DB7634E009777FE /* User.swift */; };
		B245D92D2DB7CF6200E857FA /* NavigationBarView.swift in Sources */ = {isa = PBXBuildFile; fileRef = B245D92C2DB7CF6200E857FA /* NavigationBarView.swift */; };
		B245D9312DB7D6F400E857FA /* AudioPlayer.swift in Sources */ = {isa = PBXBuildFile; fileRef = B245D9302DB7D6F400E857FA /* AudioPlayer.swift */; };
		B27E96E12DB94B2000CE0596 /* StandService.swift in Sources */ = {isa = PBXBuildFile; fileRef = B27E96E02DB94B2000CE0596 /* StandService.swift */; };
		B2DFA2B62DBA832E0035308F /* YearStatusView.swift in Sources */ = {isa = PBXBuildFile; fileRef = B2DFA2B52DBA832E0035308F /* YearStatusView.swift */; };
		B2DFA2B82DBA83D60035308F /* TrendingView.swift in Sources */ = {isa = PBXBuildFile; fileRef = B2DFA2B72DBA83D60035308F /* TrendingView.swift */; };
		B2DFA2BA2DBA841D0035308F /* SummaryView.swift in Sources */ = {isa = PBXBuildFile; fileRef = B2DFA2B92DBA841D0035308F /* SummaryView.swift */; };
		B2DFA2BD2DBA94FE0035308F /* HomeCalendarView.swift in Sources */ = {isa = PBXBuildFile; fileRef = B2DFA2BC2DBA94FE0035308F /* HomeCalendarView.swift */; };
		B2DFA31A2DBAB0980035308F /* SVN-Gilroy Bold.otf in Resources */ = {isa = PBXBuildFile; fileRef = B2DFA3192DBAB0980035308F /* SVN-Gilroy Bold.otf */; };
		B2DFA31C2DBAB1200035308F /* SVN-Gilroy Regular.otf in Resources */ = {isa = PBXBuildFile; fileRef = B2DFA31B2DBAB1200035308F /* SVN-Gilroy Regular.otf */; };
		B2DFA31E2DBAB1520035308F /* SVN-Gilroy Medium.otf in Resources */ = {isa = PBXBuildFile; fileRef = B2DFA31D2DBAB1520035308F /* SVN-Gilroy Medium.otf */; };
		B2DFA3202DBAB16B0035308F /* SVN-Gilroy SemiBold.otf in Resources */ = {isa = PBXBuildFile; fileRef = B2DFA31F2DBAB16B0035308F /* SVN-Gilroy SemiBold.otf */; };
		B2DFA3272DBAB1EE0035308F /* Gilroy-Bold.ttf in Resources */ = {isa = PBXBuildFile; fileRef = B2DFA3232DBAB1EE0035308F /* Gilroy-Bold.ttf */; };
		B2DFA3282DBAB1EE0035308F /* Gilroy-Medium.ttf in Resources */ = {isa = PBXBuildFile; fileRef = B2DFA3242DBAB1EE0035308F /* Gilroy-Medium.ttf */; };
		B2DFA3292DBAB1EE0035308F /* Gilroy-Regular.ttf in Resources */ = {isa = PBXBuildFile; fileRef = B2DFA3252DBAB1EE0035308F /* Gilroy-Regular.ttf */; };
		B2DFA32A2DBAB1EE0035308F /* Gilroy-SemiBold.ttf in Resources */ = {isa = PBXBuildFile; fileRef = B2DFA3262DBAB1EE0035308F /* Gilroy-SemiBold.ttf */; };
		FA00B69A2DB423DC00B49125 /* percussion.mp3 in Resources */ = {isa = PBXBuildFile; fileRef = FA00B6972DB423DC00B49125 /* percussion.mp3 */; };
		FA00B69B2DB423DC00B49125 /* cricket.mp3 in Resources */ = {isa = PBXBuildFile; fileRef = FA00B6952DB423DC00B49125 /* cricket.mp3 */; };
		FA00B69C2DB423DC00B49125 /* rain_and_thunder.mp3 in Resources */ = {isa = PBXBuildFile; fileRef = FA00B6982DB423DC00B49125 /* rain_and_thunder.mp3 */; };
		FA00B69D2DB423DC00B49125 /* river.mp3 in Resources */ = {isa = PBXBuildFile; fileRef = FA00B6992DB423DC00B49125 /* river.mp3 */; };
		FA00B69E2DB423DC00B49125 /* fireplace.mp3 in Resources */ = {isa = PBXBuildFile; fileRef = FA00B6962DB423DC00B49125 /* fireplace.mp3 */; };
		FA00B6A12DB4AD1300B49125 /* SeekBar in Frameworks */ = {isa = PBXBuildFile; productRef = FA00B6A02DB4AD1300B49125 /* SeekBar */; };
		FA00B6A22DB4B49E00B49125 /* SeekBar in Embed Frameworks */ = {isa = PBXBuildFile; productRef = FA00B6A02DB4AD1300B49125 /* SeekBar */; settings = {ATTRIBUTES = (CodeSignOnCopy, ); }; };
		FA00B6AB2DB4B98D00B49125 /* a_golden_morning.mp3 in Resources */ = {isa = PBXBuildFile; fileRef = FA00B6A52DB4B98D00B49125 /* a_golden_morning.mp3 */; };
		FA00B6AC2DB4B98D00B49125 /* breath_cycle.mp3 in Resources */ = {isa = PBXBuildFile; fileRef = FA00B6A62DB4B98D00B49125 /* breath_cycle.mp3 */; };
		FA00B6AD2DB4B98D00B49125 /* laringeal.mp3 in Resources */ = {isa = PBXBuildFile; fileRef = FA00B6A92DB4B98D00B49125 /* laringeal.mp3 */; };
		FA00B6AE2DB4B98D00B49125 /* mindfulness.mp3 in Resources */ = {isa = PBXBuildFile; fileRef = FA00B6AA2DB4B98D00B49125 /* mindfulness.mp3 */; };
		FA00B6AF2DB4B98D00B49125 /* hair_dryer.mp3 in Resources */ = {isa = PBXBuildFile; fileRef = FA00B6A82DB4B98D00B49125 /* hair_dryer.mp3 */; };
		FA00B6B02DB4B98D00B49125 /* energy_ball.mp3 in Resources */ = {isa = PBXBuildFile; fileRef = FA00B6A72DB4B98D00B49125 /* energy_ball.mp3 */; };
		FA00B6B32DB4BCB100B49125 /* flying.mp3 in Resources */ = {isa = PBXBuildFile; fileRef = FA00B6B22DB4BCB100B49125 /* flying.mp3 */; };
		FA00B6B52DB4BD6100B49125 /* the_hidden_valley.mp3 in Resources */ = {isa = PBXBuildFile; fileRef = FA00B6B42DB4BD6100B49125 /* the_hidden_valley.mp3 */; };
		FA00B6B82DB4BE9300B49125 /* sailing_the_harbor.mp3 in Resources */ = {isa = PBXBuildFile; fileRef = FA00B6B72DB4BE9200B49125 /* sailing_the_harbor.mp3 */; };
		FA00B6BA2DB4BE9800B49125 /* autumn_breeze.mp3 in Resources */ = {isa = PBXBuildFile; fileRef = FA00B6B92DB4BE9800B49125 /* autumn_breeze.mp3 */; };
		FA00B6BC2DB4DC8F00B49125 /* StepCountService.swift in Sources */ = {isa = PBXBuildFile; fileRef = FA00B6BB2DB4DC8B00B49125 /* StepCountService.swift */; };
		FA03A01F2D81F83F004875F9 /* AppDelegate.swift in Sources */ = {isa = PBXBuildFile; fileRef = FA03A01E2D81F83F004875F9 /* AppDelegate.swift */; };
		FA03A0282D81F844004875F9 /* Assets.xcassets in Resources */ = {isa = PBXBuildFile; fileRef = FA03A0272D81F844004875F9 /* Assets.xcassets */; };
		FA03A0392D81F916004875F9 /* SplashCoordinator.swift in Sources */ = {isa = PBXBuildFile; fileRef = FA03A0342D81F916004875F9 /* SplashCoordinator.swift */; };
		FA03A03A2D81F916004875F9 /* SplashViewController.swift in Sources */ = {isa = PBXBuildFile; fileRef = FA03A0352D81F916004875F9 /* SplashViewController.swift */; };
		FA03A03B2D81F916004875F9 /* SplashViewModel.swift in Sources */ = {isa = PBXBuildFile; fileRef = FA03A0362D81F916004875F9 /* SplashViewModel.swift */; };
		FA03A03D2D81F925004875F9 /* SplashView.swift in Sources */ = {isa = PBXBuildFile; fileRef = FA03A03C2D81F925004875F9 /* SplashView.swift */; };
		FA03A0402D81F970004875F9 /* BaseViewController.swift in Sources */ = {isa = PBXBuildFile; fileRef = FA03A03F2D81F970004875F9 /* BaseViewController.swift */; };
		FA03A0422D81F975004875F9 /* BaseViewModel.swift in Sources */ = {isa = PBXBuildFile; fileRef = FA03A0412D81F975004875F9 /* BaseViewModel.swift */; };
		FA03A0442D81F979004875F9 /* Coordinator.swift in Sources */ = {isa = PBXBuildFile; fileRef = FA03A0432D81F979004875F9 /* Coordinator.swift */; };
		FA03A0472D81F9BC004875F9 /* UIView+Extension.swift in Sources */ = {isa = PBXBuildFile; fileRef = FA03A0462D81F9BC004875F9 /* UIView+Extension.swift */; };
		FA03A0762D81FCA9004875F9 /* Text+Extension.swift in Sources */ = {isa = PBXBuildFile; fileRef = FA03A0752D81FCA9004875F9 /* Text+Extension.swift */; };
		FA03A0792D8205EB004875F9 /* HomeView.swift in Sources */ = {isa = PBXBuildFile; fileRef = FA03A0782D8205EB004875F9 /* HomeView.swift */; };
		FA03A0C12D830362004875F9 /* DateView.swift in Sources */ = {isa = PBXBuildFile; fileRef = FA03A0C02D830362004875F9 /* DateView.swift */; };
		FA03A0C32D830435004875F9 /* Date+Extension.swift in Sources */ = {isa = PBXBuildFile; fileRef = FA03A0C22D830435004875F9 /* Date+Extension.swift */; };
		FA03A0C72D8304FE004875F9 /* SingleTaskView.swift in Sources */ = {isa = PBXBuildFile; fileRef = FA03A0C62D8304FE004875F9 /* SingleTaskView.swift */; };
		FA03A0CC2D831691004875F9 /* HomeOverallView.swift in Sources */ = {isa = PBXBuildFile; fileRef = FA03A0CB2D831691004875F9 /* HomeOverallView.swift */; };
		FA03A0CE2D831C71004875F9 /* DashedLineView.swift in Sources */ = {isa = PBXBuildFile; fileRef = FA03A0CD2D831C71004875F9 /* DashedLineView.swift */; };
		FA03A0D02D8472EC004875F9 /* HomeDiscoverView.swift in Sources */ = {isa = PBXBuildFile; fileRef = FA03A0CF2D8472EC004875F9 /* HomeDiscoverView.swift */; };
		FA03A0D22D847566004875F9 /* HomeToolView.swift in Sources */ = {isa = PBXBuildFile; fileRef = FA03A0D12D847566004875F9 /* HomeToolView.swift */; };
		FA2A0AF12D8516EB00A597DB /* CreateCoordinator.swift in Sources */ = {isa = PBXBuildFile; fileRef = FA2A0AED2D8516EB00A597DB /* CreateCoordinator.swift */; };
		FA2A0AF22D8516EB00A597DB /* CreateViewController.swift in Sources */ = {isa = PBXBuildFile; fileRef = FA2A0AEE2D8516EB00A597DB /* CreateViewController.swift */; };
		FA2A0AF32D8516EB00A597DB /* CreateViewModel.swift in Sources */ = {isa = PBXBuildFile; fileRef = FA2A0AEF2D8516EB00A597DB /* CreateViewModel.swift */; };
		FA2A0AF62D85170500A597DB /* CreateView.swift in Sources */ = {isa = PBXBuildFile; fileRef = FA2A0AF52D85170500A597DB /* CreateView.swift */; };
		FA2A0AF82D85254200A597DB /* HabitToggle.swift in Sources */ = {isa = PBXBuildFile; fileRef = FA2A0AF72D85254200A597DB /* HabitToggle.swift */; };
		FA2A0AFA2D85256E00A597DB /* CalendarDialog.swift in Sources */ = {isa = PBXBuildFile; fileRef = FA2A0AF92D85256E00A597DB /* CalendarDialog.swift */; };
		FA2A0AFC2D85284100A597DB /* Calendar+Extension.swift in Sources */ = {isa = PBXBuildFile; fileRef = FA2A0AFB2D85284100A597DB /* Calendar+Extension.swift */; };
		FA2A0AFF2D85740C00A597DB /* CalendarViewModel.swift in Sources */ = {isa = PBXBuildFile; fileRef = FA2A0AFE2D85740C00A597DB /* CalendarViewModel.swift */; };
		FA2A0B012D859CD500A597DB /* SetPeriodDialog.swift in Sources */ = {isa = PBXBuildFile; fileRef = FA2A0B002D859CD500A597DB /* SetPeriodDialog.swift */; };
		FA2A0B042D859E2600A597DB /* TimeDialog.swift in Sources */ = {isa = PBXBuildFile; fileRef = FA2A0B032D859E2600A597DB /* TimeDialog.swift */; };
		FA2A0B062D85A01000A597DB /* Int+Extension.swift in Sources */ = {isa = PBXBuildFile; fileRef = FA2A0B052D85A01000A597DB /* Int+Extension.swift */; };
		FA6D69602DA10723003A7A84 /* SelectGoalView.swift in Sources */ = {isa = PBXBuildFile; fileRef = FA6D695F2DA10723003A7A84 /* SelectGoalView.swift */; };
		FA6D69622DA10F27003A7A84 /* InputView.swift in Sources */ = {isa = PBXBuildFile; fileRef = FA6D69612DA10F27003A7A84 /* InputView.swift */; };
		FA9635DB2DA3BF1E00701FC5 /* UIViewController+Extension.swift in Sources */ = {isa = PBXBuildFile; fileRef = FA9635DA2DA3BF1E00701FC5 /* UIViewController+Extension.swift */; };
		FA9635E32DA6B05800701FC5 /* UIApplication+Extension.swift in Sources */ = {isa = PBXBuildFile; fileRef = FA9635E22DA6B05100701FC5 /* UIApplication+Extension.swift */; };
		FA9635E72DAAB0C100701FC5 /* Num+Extension.swift in Sources */ = {isa = PBXBuildFile; fileRef = FA9635E62DAAB0BC00701FC5 /* Num+Extension.swift */; };
		FAA1E8802DB29F2600604ABC /* RlmMoodRecord.swift in Sources */ = {isa = PBXBuildFile; fileRef = FAA1E87F2DB29F2600604ABC /* RlmMoodRecord.swift */; };
		FAA1E8822DB29FED00604ABC /* MoodRecord.swift in Sources */ = {isa = PBXBuildFile; fileRef = FAA1E8812DB29FED00604ABC /* MoodRecord.swift */; };
		FAA1E8842DB2A08600604ABC /* MoodRecordDAO.swift in Sources */ = {isa = PBXBuildFile; fileRef = FAA1E8832DB2A08600604ABC /* MoodRecordDAO.swift */; };
		FAA1E8872DB33F0800604ABC /* MoodHistory.swift in Sources */ = {isa = PBXBuildFile; fileRef = FAA1E8862DB33F0800604ABC /* MoodHistory.swift */; };
		FAA1E8892DB3447400604ABC /* DeleteDialog.swift in Sources */ = {isa = PBXBuildFile; fileRef = FAA1E8882DB3447400604ABC /* DeleteDialog.swift */; };
		FAA1E88E2DB3497200604ABC /* MoodHistoryCoordinator.swift in Sources */ = {isa = PBXBuildFile; fileRef = FAA1E88A2DB3497200604ABC /* MoodHistoryCoordinator.swift */; };
		FAA1E88F2DB3497200604ABC /* MoodHistoryViewController.swift in Sources */ = {isa = PBXBuildFile; fileRef = FAA1E88B2DB3497200604ABC /* MoodHistoryViewController.swift */; };
		FAA1E8902DB3497200604ABC /* MoodHistoryViewModel.swift in Sources */ = {isa = PBXBuildFile; fileRef = FAA1E88D2DB3497200604ABC /* MoodHistoryViewModel.swift */; };
		FAA1E8942DB37BE300604ABC /* QuickNoteHistory.swift in Sources */ = {isa = PBXBuildFile; fileRef = FAA1E8932DB37BE300604ABC /* QuickNoteHistory.swift */; };
		FAABE50E2D8883CE00544254 /* AppCoordinator.swift in Sources */ = {isa = PBXBuildFile; fileRef = FAABE50D2D8883CD00544254 /* AppCoordinator.swift */; };
		FAABE5362D8B04E100544254 /* SakuraExtension in Frameworks */ = {isa = PBXBuildFile; productRef = FAABE5352D8B04E100544254 /* SakuraExtension */; };
		FAABE5382D8C677300544254 /* Frequency.swift in Sources */ = {isa = PBXBuildFile; fileRef = FAABE5372D8C677300544254 /* Frequency.swift */; };
		FAABE53B2D8C76AB00544254 /* RealmManager.swift in Sources */ = {isa = PBXBuildFile; fileRef = FAABE53A2D8C76AA00544254 /* RealmManager.swift */; };
		FAABE53D2D8C76AF00544254 /* RealmDao.swift in Sources */ = {isa = PBXBuildFile; fileRef = FAABE53C2D8C76AE00544254 /* RealmDao.swift */; };
		FAABE5412D8C773400544254 /* HabitDAO.swift in Sources */ = {isa = PBXBuildFile; fileRef = FAABE5402D8C773400544254 /* HabitDAO.swift */; };
		FAABE5432D8DB2F700544254 /* SelectFrequencyView.swift in Sources */ = {isa = PBXBuildFile; fileRef = FAABE5422D8DB2F700544254 /* SelectFrequencyView.swift */; };
		FAD110782DAEACFA00F4E629 /* DetailArticleCoordinator.swift in Sources */ = {isa = PBXBuildFile; fileRef = FAD110742DAEACFA00F4E629 /* DetailArticleCoordinator.swift */; };
		FAD110792DAEACFA00F4E629 /* DetailArticleViewController.swift in Sources */ = {isa = PBXBuildFile; fileRef = FAD110752DAEACFA00F4E629 /* DetailArticleViewController.swift */; };
		FAD1107A2DAEACFA00F4E629 /* DetailArticleViewModel.swift in Sources */ = {isa = PBXBuildFile; fileRef = FAD110772DAEACFA00F4E629 /* DetailArticleViewModel.swift */; };
		FAD1107E2DAED32400F4E629 /* ArticleCategory.json in Resources */ = {isa = PBXBuildFile; fileRef = FAD1107D2DAED32400F4E629 /* ArticleCategory.json */; };
		FAD110802DAED96800F4E629 /* ListArticle.json in Resources */ = {isa = PBXBuildFile; fileRef = FAD1107F2DAED96800F4E629 /* ListArticle.json */; };
		FAD110872DAEE53000F4E629 /* MoodieCoordinator.swift in Sources */ = {isa = PBXBuildFile; fileRef = FAD110832DAEE53000F4E629 /* MoodieCoordinator.swift */; };
		FAD110882DAEE53000F4E629 /* MoodieViewController.swift in Sources */ = {isa = PBXBuildFile; fileRef = FAD110842DAEE53000F4E629 /* MoodieViewController.swift */; };
		FAD110892DAEE53000F4E629 /* MoodieViewModel.swift in Sources */ = {isa = PBXBuildFile; fileRef = FAD110862DAEE53000F4E629 /* MoodieViewModel.swift */; };
		FAD1108C2DAEE54000F4E629 /* MoodieView.swift in Sources */ = {isa = PBXBuildFile; fileRef = FAD1108B2DAEE54000F4E629 /* MoodieView.swift */; };
		FAE4349F2DAD7A01008C1DC9 /* Article.swift in Sources */ = {isa = PBXBuildFile; fileRef = FAE4349E2DAD7A01008C1DC9 /* Article.swift */; };
		FAE434A12DAD7A0A008C1DC9 /* ArticleCategory.swift in Sources */ = {isa = PBXBuildFile; fileRef = FAE434A02DAD7A0A008C1DC9 /* ArticleCategory.swift */; };
		FAE434A32DAD7A21008C1DC9 /* ArticleDetailView.swift in Sources */ = {isa = PBXBuildFile; fileRef = FAE434A22DAD7A21008C1DC9 /* ArticleDetailView.swift */; };
		FAE73E6E2D943EDF00944448 /* RlmHabit.swift in Sources */ = {isa = PBXBuildFile; fileRef = FAE73E6D2D943EDF00944448 /* RlmHabit.swift */; };
		FAE73E702D94430F00944448 /* RlmHabitRecord.swift in Sources */ = {isa = PBXBuildFile; fileRef = FAE73E6F2D94430F00944448 /* RlmHabitRecord.swift */; };
		FAE73E722D9444A300944448 /* HabitRecord.swift in Sources */ = {isa = PBXBuildFile; fileRef = FAE73E712D9444A300944448 /* HabitRecord.swift */; };
		FAE73E782D944CFF00944448 /* HabitRecordCoordinator.swift in Sources */ = {isa = PBXBuildFile; fileRef = FAE73E742D944CFF00944448 /* HabitRecordCoordinator.swift */; };
		FAE73E792D944CFF00944448 /* HabitRecordViewController.swift in Sources */ = {isa = PBXBuildFile; fileRef = FAE73E752D944CFF00944448 /* HabitRecordViewController.swift */; };
		FAE73E7A2D944CFF00944448 /* HabitRecordViewModel.swift in Sources */ = {isa = PBXBuildFile; fileRef = FAE73E762D944CFF00944448 /* HabitRecordViewModel.swift */; };
		FAE73E7D2D944D0F00944448 /* HabitRecordView.swift in Sources */ = {isa = PBXBuildFile; fileRef = FAE73E7C2D944D0F00944448 /* HabitRecordView.swift */; };
		FAE73E7F2D9454B700944448 /* HabitRecordDAO.swift in Sources */ = {isa = PBXBuildFile; fileRef = FAE73E7E2D9454B700944448 /* HabitRecordDAO.swift */; };
		FAE73E812D9AFBD800944448 /* ChooseIconView.swift in Sources */ = {isa = PBXBuildFile; fileRef = FAE73E802D9AFBD800944448 /* ChooseIconView.swift */; };
		FAE73E832D9B071C00944448 /* HabitScheduler.swift in Sources */ = {isa = PBXBuildFile; fileRef = FAE73E822D9B071C00944448 /* HabitScheduler.swift */; };
		FAE73E852D9B09AB00944448 /* noisy.mp3 in Resources */ = {isa = PBXBuildFile; fileRef = FAE73E842D9B09AB00944448 /* noisy.mp3 */; };
		FAE73E872D9C1C2B00944448 /* ringtone.mp3 in Resources */ = {isa = PBXBuildFile; fileRef = FAE73E862D9C1C2B00944448 /* ringtone.mp3 */; };
/* End PBXBuildFile section */

/* Begin PBXCopyFilesBuildPhase section */
		FA00B6A32DB4B49E00B49125 /* Embed Frameworks */ = {
			isa = PBXCopyFilesBuildPhase;
			buildActionMask = 2147483647;
			dstPath = "";
			dstSubfolderSpec = 10;
			files = (
				FA00B6A22DB4B49E00B49125 /* SeekBar in Embed Frameworks */,
			);
			name = "Embed Frameworks";
			runOnlyForDeploymentPostprocessing = 0;
		};
		FAABE52E2D89B0E300544254 /* Embed Foundation Extensions */ = {
			isa = PBXCopyFilesBuildPhase;
			buildActionMask = 2147483647;
			dstPath = "";
			dstSubfolderSpec = 13;
			files = (
			);
			name = "Embed Foundation Extensions";
			runOnlyForDeploymentPostprocessing = 0;
		};
/* End PBXCopyFilesBuildPhase section */

/* Begin PBXFileReference section */
		06D8F555F47B0B82B4DDFF30 /* Pods-Habitors.debug.xcconfig */ = {isa = PBXFileReference; includeInIndex = 1; lastKnownFileType = text.xcconfig; name = "Pods-Habitors.debug.xcconfig"; path = "Target Support Files/Pods-Habitors/Pods-Habitors.debug.xcconfig"; sourceTree = "<group>"; };
		0CDF5891CE71BFD804C379EF /* Pods-Habitors.release.xcconfig */ = {isa = PBXFileReference; includeInIndex = 1; lastKnownFileType = text.xcconfig; name = "Pods-Habitors.release.xcconfig"; path = "Target Support Files/Pods-Habitors/Pods-Habitors.release.xcconfig"; sourceTree = "<group>"; };
		241806702D82B19900E54E41 /* HomeCoordinator.swift */ = {isa = PBXFileReference; lastKnownFileType = sourcecode.swift; path = HomeCoordinator.swift; sourceTree = "<group>"; };
		241806712D82B19900E54E41 /* HomeViewController.swift */ = {isa = PBXFileReference; lastKnownFileType = sourcecode.swift; path = HomeViewController.swift; sourceTree = "<group>"; };
		241806722D82B19900E54E41 /* HomeViewModel.swift */ = {isa = PBXFileReference; lastKnownFileType = sourcecode.swift; path = HomeViewModel.swift; sourceTree = "<group>"; };
		24E9230A2D8A931B00E9B96C /* Habit.swift */ = {isa = PBXFileReference; lastKnownFileType = sourcecode.swift; path = Habit.swift; sourceTree = "<group>"; };
		24E9230E2D8A94F200E9B96C /* HabitCategory.swift */ = {isa = PBXFileReference; lastKnownFileType = sourcecode.swift; path = HabitCategory.swift; sourceTree = "<group>"; };
		24E923102D8A953E00E9B96C /* AppConst.swift */ = {isa = PBXFileReference; lastKnownFileType = sourcecode.swift; path = AppConst.swift; sourceTree = "<group>"; };
		24E923122D8A988E00E9B96C /* GoalUnit.swift */ = {isa = PBXFileReference; lastKnownFileType = sourcecode.swift; path = GoalUnit.swift; sourceTree = "<group>"; };
		24E923152D8A9C0A00E9B96C /* ChooseTemplateHabitCoordinator.swift */ = {isa = PBXFileReference; lastKnownFileType = sourcecode.swift; path = ChooseTemplateHabitCoordinator.swift; sourceTree = "<group>"; };
		24E923162D8A9C0A00E9B96C /* ChooseTemplateHabitViewController.swift */ = {isa = PBXFileReference; lastKnownFileType = sourcecode.swift; path = ChooseTemplateHabitViewController.swift; sourceTree = "<group>"; };
		24E923172D8A9C0A00E9B96C /* ChooseTemplateHabitViewModel.swift */ = {isa = PBXFileReference; lastKnownFileType = sourcecode.swift; path = ChooseTemplateHabitViewModel.swift; sourceTree = "<group>"; };
		24E9231D2D8A9C2F00E9B96C /* ChooseTemplateHabitView.swift */ = {isa = PBXFileReference; lastKnownFileType = sourcecode.swift; path = ChooseTemplateHabitView.swift; sourceTree = "<group>"; };
		B230D7792DB7EB800040359E /* HealthService.swift */ = {isa = PBXFileReference; lastKnownFileType = sourcecode.swift; path = HealthService.swift; sourceTree = "<group>"; };
		B230D77D2DB7ED560040359E /* ExerciseTimeService.swift */ = {isa = PBXFileReference; lastKnownFileType = sourcecode.swift; path = ExerciseTimeService.swift; sourceTree = "<group>"; };
		B230D77F2DB7EE140040359E /* WaterService.swift */ = {isa = PBXFileReference; lastKnownFileType = sourcecode.swift; path = WaterService.swift; sourceTree = "<group>"; };
		B230D7862DB805340040359E /* Translator.swift */ = {isa = PBXFileReference; lastKnownFileType = sourcecode.swift; path = Translator.swift; sourceTree = "<group>"; };
		B230D78C2DB8134F0040359E /* en */ = {isa = PBXFileReference; lastKnownFileType = text.plist.strings; name = en; path = en.lproj/Localizable.strings; sourceTree = "<group>"; };
		B230D78E2DB813550040359E /* vi */ = {isa = PBXFileReference; lastKnownFileType = text.plist.strings; name = vi; path = vi.lproj/Localizable.strings; sourceTree = "<group>"; };
		B23110D22DB76331009777FE /* SettingCoordinator.swift */ = {isa = PBXFileReference; lastKnownFileType = sourcecode.swift; path = SettingCoordinator.swift; sourceTree = "<group>"; };
		B23110D32DB76331009777FE /* SettingViewController.swift */ = {isa = PBXFileReference; lastKnownFileType = sourcecode.swift; path = SettingViewController.swift; sourceTree = "<group>"; };
		B23110D52DB76331009777FE /* SettingViewModel.swift */ = {isa = PBXFileReference; lastKnownFileType = sourcecode.swift; path = SettingViewModel.swift; sourceTree = "<group>"; };
		B23110DA2DB7633F009777FE /* SettingView.swift */ = {isa = PBXFileReference; lastKnownFileType = sourcecode.swift; path = SettingView.swift; sourceTree = "<group>"; };
		B23110DC2DB7634E009777FE /* User.swift */ = {isa = PBXFileReference; lastKnownFileType = sourcecode.swift; path = User.swift; sourceTree = "<group>"; };
		B245D92C2DB7CF6200E857FA /* NavigationBarView.swift */ = {isa = PBXFileReference; lastKnownFileType = sourcecode.swift; path = NavigationBarView.swift; sourceTree = "<group>"; };
		B245D9302DB7D6F400E857FA /* AudioPlayer.swift */ = {isa = PBXFileReference; lastKnownFileType = sourcecode.swift; path = AudioPlayer.swift; sourceTree = "<group>"; };
		B27E96E02DB94B2000CE0596 /* StandService.swift */ = {isa = PBXFileReference; lastKnownFileType = sourcecode.swift; path = StandService.swift; sourceTree = "<group>"; };
		B2DFA2B52DBA832E0035308F /* YearStatusView.swift */ = {isa = PBXFileReference; lastKnownFileType = sourcecode.swift; path = YearStatusView.swift; sourceTree = "<group>"; };
		B2DFA2B72DBA83D60035308F /* TrendingView.swift */ = {isa = PBXFileReference; lastKnownFileType = sourcecode.swift; path = TrendingView.swift; sourceTree = "<group>"; };
		B2DFA2B92DBA841D0035308F /* SummaryView.swift */ = {isa = PBXFileReference; lastKnownFileType = sourcecode.swift; path = SummaryView.swift; sourceTree = "<group>"; };
		B2DFA2BC2DBA94FE0035308F /* HomeCalendarView.swift */ = {isa = PBXFileReference; lastKnownFileType = sourcecode.swift; path = HomeCalendarView.swift; sourceTree = "<group>"; };
		B2DFA3192DBAB0980035308F /* SVN-Gilroy Bold.otf */ = {isa = PBXFileReference; lastKnownFileType = file; path = "SVN-Gilroy Bold.otf"; sourceTree = "<group>"; };
		B2DFA31B2DBAB1200035308F /* SVN-Gilroy Regular.otf */ = {isa = PBXFileReference; lastKnownFileType = file; path = "SVN-Gilroy Regular.otf"; sourceTree = "<group>"; };
		B2DFA31D2DBAB1520035308F /* SVN-Gilroy Medium.otf */ = {isa = PBXFileReference; lastKnownFileType = file; path = "SVN-Gilroy Medium.otf"; sourceTree = "<group>"; };
		B2DFA31F2DBAB16B0035308F /* SVN-Gilroy SemiBold.otf */ = {isa = PBXFileReference; lastKnownFileType = file; path = "SVN-Gilroy SemiBold.otf"; sourceTree = "<group>"; };
		B2DFA3232DBAB1EE0035308F /* Gilroy-Bold.ttf */ = {isa = PBXFileReference; lastKnownFileType = file; path = "Gilroy-Bold.ttf"; sourceTree = "<group>"; };
		B2DFA3242DBAB1EE0035308F /* Gilroy-Medium.ttf */ = {isa = PBXFileReference; lastKnownFileType = file; path = "Gilroy-Medium.ttf"; sourceTree = "<group>"; };
		B2DFA3252DBAB1EE0035308F /* Gilroy-Regular.ttf */ = {isa = PBXFileReference; lastKnownFileType = file; path = "Gilroy-Regular.ttf"; sourceTree = "<group>"; };
		B2DFA3262DBAB1EE0035308F /* Gilroy-SemiBold.ttf */ = {isa = PBXFileReference; lastKnownFileType = file; path = "Gilroy-SemiBold.ttf"; sourceTree = "<group>"; };
		EC7B1BE09FE7CF60A0E460AF /* Pods_Habitors.framework */ = {isa = PBXFileReference; explicitFileType = wrapper.framework; includeInIndex = 0; path = Pods_Habitors.framework; sourceTree = BUILT_PRODUCTS_DIR; };
		FA00B6952DB423DC00B49125 /* cricket.mp3 */ = {isa = PBXFileReference; lastKnownFileType = audio.mp3; path = cricket.mp3; sourceTree = "<group>"; };
		FA00B6962DB423DC00B49125 /* fireplace.mp3 */ = {isa = PBXFileReference; lastKnownFileType = audio.mp3; path = fireplace.mp3; sourceTree = "<group>"; };
		FA00B6972DB423DC00B49125 /* percussion.mp3 */ = {isa = PBXFileReference; lastKnownFileType = audio.mp3; path = percussion.mp3; sourceTree = "<group>"; };
		FA00B6982DB423DC00B49125 /* rain_and_thunder.mp3 */ = {isa = PBXFileReference; lastKnownFileType = audio.mp3; path = rain_and_thunder.mp3; sourceTree = "<group>"; };
		FA00B6992DB423DC00B49125 /* river.mp3 */ = {isa = PBXFileReference; lastKnownFileType = audio.mp3; path = river.mp3; sourceTree = "<group>"; };
		FA00B6A52DB4B98D00B49125 /* a_golden_morning.mp3 */ = {isa = PBXFileReference; lastKnownFileType = audio.mp3; path = a_golden_morning.mp3; sourceTree = "<group>"; };
		FA00B6A62DB4B98D00B49125 /* breath_cycle.mp3 */ = {isa = PBXFileReference; lastKnownFileType = audio.mp3; path = breath_cycle.mp3; sourceTree = "<group>"; };
		FA00B6A72DB4B98D00B49125 /* energy_ball.mp3 */ = {isa = PBXFileReference; lastKnownFileType = audio.mp3; path = energy_ball.mp3; sourceTree = "<group>"; };
		FA00B6A82DB4B98D00B49125 /* hair_dryer.mp3 */ = {isa = PBXFileReference; lastKnownFileType = audio.mp3; path = hair_dryer.mp3; sourceTree = "<group>"; };
		FA00B6A92DB4B98D00B49125 /* laringeal.mp3 */ = {isa = PBXFileReference; lastKnownFileType = audio.mp3; path = laringeal.mp3; sourceTree = "<group>"; };
		FA00B6AA2DB4B98D00B49125 /* mindfulness.mp3 */ = {isa = PBXFileReference; lastKnownFileType = audio.mp3; path = mindfulness.mp3; sourceTree = "<group>"; };
		FA00B6B22DB4BCB100B49125 /* flying.mp3 */ = {isa = PBXFileReference; lastKnownFileType = audio.mp3; path = flying.mp3; sourceTree = "<group>"; };
		FA00B6B42DB4BD6100B49125 /* the_hidden_valley.mp3 */ = {isa = PBXFileReference; lastKnownFileType = audio.mp3; path = the_hidden_valley.mp3; sourceTree = "<group>"; };
		FA00B6B72DB4BE9200B49125 /* sailing_the_harbor.mp3 */ = {isa = PBXFileReference; lastKnownFileType = audio.mp3; path = sailing_the_harbor.mp3; sourceTree = "<group>"; };
		FA00B6B92DB4BE9800B49125 /* autumn_breeze.mp3 */ = {isa = PBXFileReference; lastKnownFileType = audio.mp3; path = autumn_breeze.mp3; sourceTree = "<group>"; };
		FA00B6BB2DB4DC8B00B49125 /* StepCountService.swift */ = {isa = PBXFileReference; lastKnownFileType = sourcecode.swift; path = StepCountService.swift; sourceTree = "<group>"; };
		FA03A01B2D81F83F004875F9 /* Habitors.app */ = {isa = PBXFileReference; explicitFileType = wrapper.application; includeInIndex = 0; path = Habitors.app; sourceTree = BUILT_PRODUCTS_DIR; };
		FA03A01E2D81F83F004875F9 /* AppDelegate.swift */ = {isa = PBXFileReference; lastKnownFileType = sourcecode.swift; path = AppDelegate.swift; sourceTree = "<group>"; };
		FA03A0272D81F844004875F9 /* Assets.xcassets */ = {isa = PBXFileReference; lastKnownFileType = folder.assetcatalog; path = Assets.xcassets; sourceTree = "<group>"; };
		FA03A02C2D81F844004875F9 /* Info.plist */ = {isa = PBXFileReference; lastKnownFileType = text.plist.xml; path = Info.plist; sourceTree = "<group>"; };
		FA03A0342D81F916004875F9 /* SplashCoordinator.swift */ = {isa = PBXFileReference; lastKnownFileType = sourcecode.swift; path = SplashCoordinator.swift; sourceTree = "<group>"; };
		FA03A0352D81F916004875F9 /* SplashViewController.swift */ = {isa = PBXFileReference; lastKnownFileType = sourcecode.swift; path = SplashViewController.swift; sourceTree = "<group>"; };
		FA03A0362D81F916004875F9 /* SplashViewModel.swift */ = {isa = PBXFileReference; lastKnownFileType = sourcecode.swift; path = SplashViewModel.swift; sourceTree = "<group>"; };
		FA03A03C2D81F925004875F9 /* SplashView.swift */ = {isa = PBXFileReference; lastKnownFileType = sourcecode.swift; path = SplashView.swift; sourceTree = "<group>"; };
		FA03A03F2D81F970004875F9 /* BaseViewController.swift */ = {isa = PBXFileReference; fileEncoding = 4; lastKnownFileType = sourcecode.swift; path = BaseViewController.swift; sourceTree = "<group>"; };
		FA03A0412D81F975004875F9 /* BaseViewModel.swift */ = {isa = PBXFileReference; fileEncoding = 4; lastKnownFileType = sourcecode.swift; path = BaseViewModel.swift; sourceTree = "<group>"; };
		FA03A0432D81F979004875F9 /* Coordinator.swift */ = {isa = PBXFileReference; fileEncoding = 4; lastKnownFileType = sourcecode.swift; path = Coordinator.swift; sourceTree = "<group>"; };
		FA03A0462D81F9BC004875F9 /* UIView+Extension.swift */ = {isa = PBXFileReference; lastKnownFileType = sourcecode.swift; path = "UIView+Extension.swift"; sourceTree = "<group>"; };
		FA03A0752D81FCA9004875F9 /* Text+Extension.swift */ = {isa = PBXFileReference; lastKnownFileType = sourcecode.swift; path = "Text+Extension.swift"; sourceTree = "<group>"; };
		FA03A0782D8205EB004875F9 /* HomeView.swift */ = {isa = PBXFileReference; lastKnownFileType = sourcecode.swift; path = HomeView.swift; sourceTree = "<group>"; };
		FA03A0C02D830362004875F9 /* DateView.swift */ = {isa = PBXFileReference; lastKnownFileType = sourcecode.swift; path = DateView.swift; sourceTree = "<group>"; };
		FA03A0C22D830435004875F9 /* Date+Extension.swift */ = {isa = PBXFileReference; lastKnownFileType = sourcecode.swift; path = "Date+Extension.swift"; sourceTree = "<group>"; };
		FA03A0C62D8304FE004875F9 /* SingleTaskView.swift */ = {isa = PBXFileReference; lastKnownFileType = sourcecode.swift; path = SingleTaskView.swift; sourceTree = "<group>"; };
		FA03A0CB2D831691004875F9 /* HomeOverallView.swift */ = {isa = PBXFileReference; lastKnownFileType = sourcecode.swift; path = HomeOverallView.swift; sourceTree = "<group>"; };
		FA03A0CD2D831C71004875F9 /* DashedLineView.swift */ = {isa = PBXFileReference; lastKnownFileType = sourcecode.swift; path = DashedLineView.swift; sourceTree = "<group>"; };
		FA03A0CF2D8472EC004875F9 /* HomeDiscoverView.swift */ = {isa = PBXFileReference; lastKnownFileType = sourcecode.swift; path = HomeDiscoverView.swift; sourceTree = "<group>"; };
		FA03A0D12D847566004875F9 /* HomeToolView.swift */ = {isa = PBXFileReference; lastKnownFileType = sourcecode.swift; path = HomeToolView.swift; sourceTree = "<group>"; };
		FA2A0AED2D8516EB00A597DB /* CreateCoordinator.swift */ = {isa = PBXFileReference; lastKnownFileType = sourcecode.swift; path = CreateCoordinator.swift; sourceTree = "<group>"; };
		FA2A0AEE2D8516EB00A597DB /* CreateViewController.swift */ = {isa = PBXFileReference; lastKnownFileType = sourcecode.swift; path = CreateViewController.swift; sourceTree = "<group>"; };
		FA2A0AEF2D8516EB00A597DB /* CreateViewModel.swift */ = {isa = PBXFileReference; lastKnownFileType = sourcecode.swift; path = CreateViewModel.swift; sourceTree = "<group>"; };
		FA2A0AF52D85170500A597DB /* CreateView.swift */ = {isa = PBXFileReference; lastKnownFileType = sourcecode.swift; path = CreateView.swift; sourceTree = "<group>"; };
		FA2A0AF72D85254200A597DB /* HabitToggle.swift */ = {isa = PBXFileReference; lastKnownFileType = sourcecode.swift; path = HabitToggle.swift; sourceTree = "<group>"; };
		FA2A0AF92D85256E00A597DB /* CalendarDialog.swift */ = {isa = PBXFileReference; lastKnownFileType = sourcecode.swift; path = CalendarDialog.swift; sourceTree = "<group>"; };
		FA2A0AFB2D85284100A597DB /* Calendar+Extension.swift */ = {isa = PBXFileReference; lastKnownFileType = sourcecode.swift; path = "Calendar+Extension.swift"; sourceTree = "<group>"; };
		FA2A0AFE2D85740C00A597DB /* CalendarViewModel.swift */ = {isa = PBXFileReference; lastKnownFileType = sourcecode.swift; path = CalendarViewModel.swift; sourceTree = "<group>"; };
		FA2A0B002D859CD500A597DB /* SetPeriodDialog.swift */ = {isa = PBXFileReference; lastKnownFileType = sourcecode.swift; path = SetPeriodDialog.swift; sourceTree = "<group>"; };
		FA2A0B032D859E2600A597DB /* TimeDialog.swift */ = {isa = PBXFileReference; lastKnownFileType = sourcecode.swift; path = TimeDialog.swift; sourceTree = "<group>"; };
		FA2A0B052D85A01000A597DB /* Int+Extension.swift */ = {isa = PBXFileReference; lastKnownFileType = sourcecode.swift; path = "Int+Extension.swift"; sourceTree = "<group>"; };
		FA6D695F2DA10723003A7A84 /* SelectGoalView.swift */ = {isa = PBXFileReference; lastKnownFileType = sourcecode.swift; path = SelectGoalView.swift; sourceTree = "<group>"; };
		FA6D69612DA10F27003A7A84 /* InputView.swift */ = {isa = PBXFileReference; lastKnownFileType = sourcecode.swift; path = InputView.swift; sourceTree = "<group>"; };
		FA9635DA2DA3BF1E00701FC5 /* UIViewController+Extension.swift */ = {isa = PBXFileReference; lastKnownFileType = sourcecode.swift; path = "UIViewController+Extension.swift"; sourceTree = "<group>"; };
		FA9635E22DA6B05100701FC5 /* UIApplication+Extension.swift */ = {isa = PBXFileReference; lastKnownFileType = sourcecode.swift; path = "UIApplication+Extension.swift"; sourceTree = "<group>"; };
		FA9635E62DAAB0BC00701FC5 /* Num+Extension.swift */ = {isa = PBXFileReference; lastKnownFileType = sourcecode.swift; path = "Num+Extension.swift"; sourceTree = "<group>"; };
		FAA1E87F2DB29F2600604ABC /* RlmMoodRecord.swift */ = {isa = PBXFileReference; lastKnownFileType = sourcecode.swift; path = RlmMoodRecord.swift; sourceTree = "<group>"; };
		FAA1E8812DB29FED00604ABC /* MoodRecord.swift */ = {isa = PBXFileReference; lastKnownFileType = sourcecode.swift; path = MoodRecord.swift; sourceTree = "<group>"; };
		FAA1E8832DB2A08600604ABC /* MoodRecordDAO.swift */ = {isa = PBXFileReference; lastKnownFileType = sourcecode.swift; path = MoodRecordDAO.swift; sourceTree = "<group>"; };
		FAA1E8862DB33F0800604ABC /* MoodHistory.swift */ = {isa = PBXFileReference; lastKnownFileType = sourcecode.swift; path = MoodHistory.swift; sourceTree = "<group>"; };
		FAA1E8882DB3447400604ABC /* DeleteDialog.swift */ = {isa = PBXFileReference; lastKnownFileType = sourcecode.swift; path = DeleteDialog.swift; sourceTree = "<group>"; };
		FAA1E88A2DB3497200604ABC /* MoodHistoryCoordinator.swift */ = {isa = PBXFileReference; lastKnownFileType = sourcecode.swift; path = MoodHistoryCoordinator.swift; sourceTree = "<group>"; };
		FAA1E88B2DB3497200604ABC /* MoodHistoryViewController.swift */ = {isa = PBXFileReference; lastKnownFileType = sourcecode.swift; path = MoodHistoryViewController.swift; sourceTree = "<group>"; };
		FAA1E88D2DB3497200604ABC /* MoodHistoryViewModel.swift */ = {isa = PBXFileReference; lastKnownFileType = sourcecode.swift; path = MoodHistoryViewModel.swift; sourceTree = "<group>"; };
		FAA1E8932DB37BE300604ABC /* QuickNoteHistory.swift */ = {isa = PBXFileReference; lastKnownFileType = sourcecode.swift; path = QuickNoteHistory.swift; sourceTree = "<group>"; };
		FAABE50D2D8883CD00544254 /* AppCoordinator.swift */ = {isa = PBXFileReference; fileEncoding = 4; lastKnownFileType = sourcecode.swift; path = AppCoordinator.swift; sourceTree = "<group>"; };
		FAABE5182D89B0E000544254 /* WidgetKit.framework */ = {isa = PBXFileReference; lastKnownFileType = wrapper.framework; name = WidgetKit.framework; path = System/Library/Frameworks/WidgetKit.framework; sourceTree = SDKROOT; };
		FAABE51A2D89B0E000544254 /* SwiftUI.framework */ = {isa = PBXFileReference; lastKnownFileType = wrapper.framework; name = SwiftUI.framework; path = System/Library/Frameworks/SwiftUI.framework; sourceTree = SDKROOT; };
		FAABE5372D8C677300544254 /* Frequency.swift */ = {isa = PBXFileReference; lastKnownFileType = sourcecode.swift; path = Frequency.swift; sourceTree = "<group>"; };
		FAABE53A2D8C76AA00544254 /* RealmManager.swift */ = {isa = PBXFileReference; fileEncoding = 4; lastKnownFileType = sourcecode.swift; path = RealmManager.swift; sourceTree = "<group>"; };
		FAABE53C2D8C76AE00544254 /* RealmDao.swift */ = {isa = PBXFileReference; fileEncoding = 4; lastKnownFileType = sourcecode.swift; path = RealmDao.swift; sourceTree = "<group>"; };
		FAABE53E2D8C770600544254 /* Habitors.entitlements */ = {isa = PBXFileReference; lastKnownFileType = text.plist.entitlements; path = Habitors.entitlements; sourceTree = "<group>"; };
		FAABE5402D8C773400544254 /* HabitDAO.swift */ = {isa = PBXFileReference; lastKnownFileType = sourcecode.swift; path = HabitDAO.swift; sourceTree = "<group>"; };
		FAABE5422D8DB2F700544254 /* SelectFrequencyView.swift */ = {isa = PBXFileReference; lastKnownFileType = sourcecode.swift; path = SelectFrequencyView.swift; sourceTree = "<group>"; };
		FAD110742DAEACFA00F4E629 /* DetailArticleCoordinator.swift */ = {isa = PBXFileReference; lastKnownFileType = sourcecode.swift; path = DetailArticleCoordinator.swift; sourceTree = "<group>"; };
		FAD110752DAEACFA00F4E629 /* DetailArticleViewController.swift */ = {isa = PBXFileReference; lastKnownFileType = sourcecode.swift; path = DetailArticleViewController.swift; sourceTree = "<group>"; };
		FAD110772DAEACFA00F4E629 /* DetailArticleViewModel.swift */ = {isa = PBXFileReference; lastKnownFileType = sourcecode.swift; path = DetailArticleViewModel.swift; sourceTree = "<group>"; };
		FAD1107D2DAED32400F4E629 /* ArticleCategory.json */ = {isa = PBXFileReference; lastKnownFileType = text.json; path = ArticleCategory.json; sourceTree = "<group>"; };
		FAD1107F2DAED96800F4E629 /* ListArticle.json */ = {isa = PBXFileReference; lastKnownFileType = text.json; path = ListArticle.json; sourceTree = "<group>"; };
		FAD110832DAEE53000F4E629 /* MoodieCoordinator.swift */ = {isa = PBXFileReference; lastKnownFileType = sourcecode.swift; path = MoodieCoordinator.swift; sourceTree = "<group>"; };
		FAD110842DAEE53000F4E629 /* MoodieViewController.swift */ = {isa = PBXFileReference; lastKnownFileType = sourcecode.swift; path = MoodieViewController.swift; sourceTree = "<group>"; };
		FAD110862DAEE53000F4E629 /* MoodieViewModel.swift */ = {isa = PBXFileReference; lastKnownFileType = sourcecode.swift; path = MoodieViewModel.swift; sourceTree = "<group>"; };
		FAD1108B2DAEE54000F4E629 /* MoodieView.swift */ = {isa = PBXFileReference; lastKnownFileType = sourcecode.swift; path = MoodieView.swift; sourceTree = "<group>"; };
		FAE4349E2DAD7A01008C1DC9 /* Article.swift */ = {isa = PBXFileReference; lastKnownFileType = sourcecode.swift; path = Article.swift; sourceTree = "<group>"; };
		FAE434A02DAD7A0A008C1DC9 /* ArticleCategory.swift */ = {isa = PBXFileReference; lastKnownFileType = sourcecode.swift; path = ArticleCategory.swift; sourceTree = "<group>"; };
		FAE434A22DAD7A21008C1DC9 /* ArticleDetailView.swift */ = {isa = PBXFileReference; lastKnownFileType = sourcecode.swift; path = ArticleDetailView.swift; sourceTree = "<group>"; };
		FAE73E6D2D943EDF00944448 /* RlmHabit.swift */ = {isa = PBXFileReference; lastKnownFileType = sourcecode.swift; path = RlmHabit.swift; sourceTree = "<group>"; };
		FAE73E6F2D94430F00944448 /* RlmHabitRecord.swift */ = {isa = PBXFileReference; lastKnownFileType = sourcecode.swift; path = RlmHabitRecord.swift; sourceTree = "<group>"; };
		FAE73E712D9444A300944448 /* HabitRecord.swift */ = {isa = PBXFileReference; lastKnownFileType = sourcecode.swift; path = HabitRecord.swift; sourceTree = "<group>"; };
		FAE73E742D944CFF00944448 /* HabitRecordCoordinator.swift */ = {isa = PBXFileReference; lastKnownFileType = sourcecode.swift; path = HabitRecordCoordinator.swift; sourceTree = "<group>"; };
		FAE73E752D944CFF00944448 /* HabitRecordViewController.swift */ = {isa = PBXFileReference; lastKnownFileType = sourcecode.swift; path = HabitRecordViewController.swift; sourceTree = "<group>"; };
		FAE73E762D944CFF00944448 /* HabitRecordViewModel.swift */ = {isa = PBXFileReference; lastKnownFileType = sourcecode.swift; path = HabitRecordViewModel.swift; sourceTree = "<group>"; };
		FAE73E7C2D944D0F00944448 /* HabitRecordView.swift */ = {isa = PBXFileReference; lastKnownFileType = sourcecode.swift; path = HabitRecordView.swift; sourceTree = "<group>"; };
		FAE73E7E2D9454B700944448 /* HabitRecordDAO.swift */ = {isa = PBXFileReference; lastKnownFileType = sourcecode.swift; path = HabitRecordDAO.swift; sourceTree = "<group>"; };
		FAE73E802D9AFBD800944448 /* ChooseIconView.swift */ = {isa = PBXFileReference; lastKnownFileType = sourcecode.swift; path = ChooseIconView.swift; sourceTree = "<group>"; };
		FAE73E822D9B071C00944448 /* HabitScheduler.swift */ = {isa = PBXFileReference; lastKnownFileType = sourcecode.swift; path = HabitScheduler.swift; sourceTree = "<group>"; };
		FAE73E842D9B09AB00944448 /* noisy.mp3 */ = {isa = PBXFileReference; lastKnownFileType = audio.mp3; path = noisy.mp3; sourceTree = "<group>"; };
		FAE73E862D9C1C2B00944448 /* ringtone.mp3 */ = {isa = PBXFileReference; lastKnownFileType = audio.mp3; path = ringtone.mp3; sourceTree = "<group>"; };
/* End PBXFileReference section */

/* Begin PBXFrameworksBuildPhase section */
		FA03A0182D81F83F004875F9 /* Frameworks */ = {
			isa = PBXFrameworksBuildPhase;
			buildActionMask = 2147483647;
			files = (
				FA00B6A12DB4AD1300B49125 /* SeekBar in Frameworks */,
				23312E1699B2096F7EA3DAD6 /* Pods_Habitors.framework in Frameworks */,
				FAABE5362D8B04E100544254 /* SakuraExtension in Frameworks */,
			);
			runOnlyForDeploymentPostprocessing = 0;
		};
/* End PBXFrameworksBuildPhase section */

/* Begin PBXGroup section */
		1D6C327FB0C0DD1A02024FED /* Pods */ = {
			isa = PBXGroup;
			children = (
				06D8F555F47B0B82B4DDFF30 /* Pods-Habitors.debug.xcconfig */,
				0CDF5891CE71BFD804C379EF /* Pods-Habitors.release.xcconfig */,
			);
			path = Pods;
			sourceTree = "<group>";
		};
		24E923092D8A931400E9B96C /* Habit */ = {
			isa = PBXGroup;
			children = (
				FAE73E712D9444A300944448 /* HabitRecord.swift */,
				24E9230A2D8A931B00E9B96C /* Habit.swift */,
			);
			path = Habit;
			sourceTree = "<group>";
		};
		24E923142D8A9BF800E9B96C /* ChooseHabit */ = {
			isa = PBXGroup;
			children = (
				24E923152D8A9C0A00E9B96C /* ChooseTemplateHabitCoordinator.swift */,
				24E923162D8A9C0A00E9B96C /* ChooseTemplateHabitViewController.swift */,
				24E923172D8A9C0A00E9B96C /* ChooseTemplateHabitViewModel.swift */,
				24E9231D2D8A9C2F00E9B96C /* ChooseTemplateHabitView.swift */,
			);
			path = ChooseHabit;
			sourceTree = "<group>";
		};
		B230D77B2DB7EB830040359E /* Health */ = {
			isa = PBXGroup;
			children = (
				B230D77C2DB7EC400040359E /* Provider */,
			);
			path = Health;
			sourceTree = "<group>";
		};
		B230D77C2DB7EC400040359E /* Provider */ = {
			isa = PBXGroup;
			children = (
				B230D7792DB7EB800040359E /* HealthService.swift */,
				B230D77D2DB7ED560040359E /* ExerciseTimeService.swift */,
				B230D77F2DB7EE140040359E /* WaterService.swift */,
				FA00B6BB2DB4DC8B00B49125 /* StepCountService.swift */,
				B27E96E02DB94B2000CE0596 /* StandService.swift */,
			);
			path = Provider;
			sourceTree = "<group>";
		};
		B230D7812DB804C40040359E /* Language */ = {
			isa = PBXGroup;
			children = (
				B230D7862DB805340040359E /* Translator.swift */,
				B230D78B2DB8134F0040359E /* Localizable.strings */,
			);
			path = Language;
			sourceTree = "<group>";
		};
		B23110D12DB76326009777FE /* Setting */ = {
			isa = PBXGroup;
			children = (
				B23110D22DB76331009777FE /* SettingCoordinator.swift */,
				B23110D32DB76331009777FE /* SettingViewController.swift */,
				B23110D52DB76331009777FE /* SettingViewModel.swift */,
				B23110DA2DB7633F009777FE /* SettingView.swift */,
			);
			path = Setting;
			sourceTree = "<group>";
		};
		B2DFA2B42DBA83170035308F /* Overall */ = {
			isa = PBXGroup;
			children = (
				B2DFA2BC2DBA94FE0035308F /* HomeCalendarView.swift */,
				FA03A0CB2D831691004875F9 /* HomeOverallView.swift */,
				B2DFA2B92DBA841D0035308F /* SummaryView.swift */,
				B2DFA2B72DBA83D60035308F /* TrendingView.swift */,
				B2DFA2B52DBA832E0035308F /* YearStatusView.swift */,
			);
			path = Overall;
			sourceTree = "<group>";
		};
		B2DFA2BB2DBA8CFE0035308F /* ViewModel */ = {
			isa = PBXGroup;
			children = (
				241806722D82B19900E54E41 /* HomeViewModel.swift */,
			);
			path = ViewModel;
			sourceTree = "<group>";
		};
		B2DFA2F62DBAAC600035308F /* Font */ = {
			isa = PBXGroup;
			children = (
				B2DFA3232DBAB1EE0035308F /* Gilroy-Bold.ttf */,
				B2DFA3242DBAB1EE0035308F /* Gilroy-Medium.ttf */,
				B2DFA3252DBAB1EE0035308F /* Gilroy-Regular.ttf */,
				B2DFA3262DBAB1EE0035308F /* Gilroy-SemiBold.ttf */,
				B2DFA3192DBAB0980035308F /* SVN-Gilroy Bold.otf */,
				B2DFA31F2DBAB16B0035308F /* SVN-Gilroy SemiBold.otf */,
				B2DFA31B2DBAB1200035308F /* SVN-Gilroy Regular.otf */,
				B2DFA31D2DBAB1520035308F /* SVN-Gilroy Medium.otf */,
			);
			path = Font;
			sourceTree = "<group>";
		};
		C769EF5CB3D0651AAB002413 /* Frameworks */ = {
			isa = PBXGroup;
			children = (
				EC7B1BE09FE7CF60A0E460AF /* Pods_Habitors.framework */,
				FAABE5182D89B0E000544254 /* WidgetKit.framework */,
				FAABE51A2D89B0E000544254 /* SwiftUI.framework */,
			);
			name = Frameworks;
			sourceTree = "<group>";
		};
		FA00B6942DB4237800B49125 /* Soundscapes */ = {
			isa = PBXGroup;
			children = (
				FA00B6952DB423DC00B49125 /* cricket.mp3 */,
				FA00B6962DB423DC00B49125 /* fireplace.mp3 */,
				FA00B6972DB423DC00B49125 /* percussion.mp3 */,
				FA00B6982DB423DC00B49125 /* rain_and_thunder.mp3 */,
				FA00B6992DB423DC00B49125 /* river.mp3 */,
			);
			path = Soundscapes;
			sourceTree = "<group>";
		};
		FA00B6A42DB4B97400B49125 /* Meditative */ = {
			isa = PBXGroup;
			children = (
				FA00B6A52DB4B98D00B49125 /* a_golden_morning.mp3 */,
				FA00B6A62DB4B98D00B49125 /* breath_cycle.mp3 */,
				FA00B6A72DB4B98D00B49125 /* energy_ball.mp3 */,
				FA00B6A82DB4B98D00B49125 /* hair_dryer.mp3 */,
				FA00B6A92DB4B98D00B49125 /* laringeal.mp3 */,
				FA00B6AA2DB4B98D00B49125 /* mindfulness.mp3 */,
			);
			path = Meditative;
			sourceTree = "<group>";
		};
		FA00B6B12DB4BCA900B49125 /* Relaxing */ = {
			isa = PBXGroup;
			children = (
				FA00B6B42DB4BD6100B49125 /* the_hidden_valley.mp3 */,
				FA00B6B22DB4BCB100B49125 /* flying.mp3 */,
			);
			path = Relaxing;
			sourceTree = "<group>";
		};
		FA00B6B62DB4BE8800B49125 /* Natural Sound */ = {
			isa = PBXGroup;
			children = (
				FA00B6B92DB4BE9800B49125 /* autumn_breeze.mp3 */,
				FA00B6B72DB4BE9200B49125 /* sailing_the_harbor.mp3 */,
			);
			path = "Natural Sound";
			sourceTree = "<group>";
		};
		FA03A0122D81F83F004875F9 = {
			isa = PBXGroup;
			children = (
				FA03A01D2D81F83F004875F9 /* Habitors */,
				FA03A01C2D81F83F004875F9 /* Products */,
				1D6C327FB0C0DD1A02024FED /* Pods */,
				C769EF5CB3D0651AAB002413 /* Frameworks */,
			);
			sourceTree = "<group>";
		};
		FA03A01C2D81F83F004875F9 /* Products */ = {
			isa = PBXGroup;
			children = (
				FA03A01B2D81F83F004875F9 /* Habitors.app */,
			);
			name = Products;
			sourceTree = "<group>";
		};
		FA03A01D2D81F83F004875F9 /* Habitors */ = {
			isa = PBXGroup;
			children = (
				B230D7812DB804C40040359E /* Language */,
				B23110DC2DB7634E009777FE /* User.swift */,
				FAABE53E2D8C770600544254 /* Habitors.entitlements */,
				FA03A02C2D81F844004875F9 /* Info.plist */,
				24E923102D8A953E00E9B96C /* AppConst.swift */,
				FA03A01E2D81F83F004875F9 /* AppDelegate.swift */,
				FA03A0272D81F844004875F9 /* Assets.xcassets */,
				FA03A03E2D81F965004875F9 /* Core */,
				FA03A0BF2D830358004875F9 /* Custom */,
				FA03A0452D81F99F004875F9 /* Extension */,
				FA9635DC2DA3D98B00701FC5 /* Manager */,
				FA03A0C82D83066B004875F9 /* Model */,
				FAABE5392D8C75AE00544254 /* Realm */,
				FA03A0482D81FBC7004875F9 /* Resources */,
				FA03A0322D81F905004875F9 /* Screen */,
			);
			path = Habitors;
			sourceTree = "<group>";
		};
		FA03A0322D81F905004875F9 /* Screen */ = {
			isa = PBXGroup;
			children = (
				FAABE50D2D8883CD00544254 /* AppCoordinator.swift */,
				24E923142D8A9BF800E9B96C /* ChooseHabit */,
				FA2A0AEC2D8516D400A597DB /* Create */,
				FAE4349D2DAD79DA008C1DC9 /* DetailArticle */,
				FAE73E732D944CEE00944448 /* HabitRecord */,
				FA03A0772D8205DF004875F9 /* Home */,
				FAA1E8852DB33EEB00604ABC /* MoodHistory */,
				FAD110822DAEE51B00F4E629 /* Moodie */,
				FAA1E8922DB37BC500604ABC /* NoteHistory */,
				B23110D12DB76326009777FE /* Setting */,
				FA03A0332D81F90C004875F9 /* Splash */,
			);
			path = Screen;
			sourceTree = "<group>";
		};
		FA03A0332D81F90C004875F9 /* Splash */ = {
			isa = PBXGroup;
			children = (
				FA03A0342D81F916004875F9 /* SplashCoordinator.swift */,
				FA03A0352D81F916004875F9 /* SplashViewController.swift */,
				FA03A0362D81F916004875F9 /* SplashViewModel.swift */,
				FA03A03C2D81F925004875F9 /* SplashView.swift */,
			);
			path = Splash;
			sourceTree = "<group>";
		};
		FA03A03E2D81F965004875F9 /* Core */ = {
			isa = PBXGroup;
			children = (
				FA03A0432D81F979004875F9 /* Coordinator.swift */,
				FA03A0412D81F975004875F9 /* BaseViewModel.swift */,
				FA03A03F2D81F970004875F9 /* BaseViewController.swift */,
			);
			path = Core;
			sourceTree = "<group>";
		};
		FA03A0452D81F99F004875F9 /* Extension */ = {
			isa = PBXGroup;
			children = (
				FA9635E62DAAB0BC00701FC5 /* Num+Extension.swift */,
				FA03A0462D81F9BC004875F9 /* UIView+Extension.swift */,
				FA9635E22DA6B05100701FC5 /* UIApplication+Extension.swift */,
				FA9635DA2DA3BF1E00701FC5 /* UIViewController+Extension.swift */,
				FA03A0752D81FCA9004875F9 /* Text+Extension.swift */,
				FA2A0AFB2D85284100A597DB /* Calendar+Extension.swift */,
				FA03A0C22D830435004875F9 /* Date+Extension.swift */,
				FA2A0B052D85A01000A597DB /* Int+Extension.swift */,
			);
			path = Extension;
			sourceTree = "<group>";
		};
		FA03A0482D81FBC7004875F9 /* Resources */ = {
			isa = PBXGroup;
			children = (
				B2DFA2F62DBAAC600035308F /* Font */,
				FAD110812DAEE4DC00F4E629 /* Sound */,
				FAD1107C2DAEBCDE00F4E629 /* Data */,
			);
			name = Resources;
			path = Habitors/Resources;
			sourceTree = SOURCE_ROOT;
		};
		FA03A0772D8205DF004875F9 /* Home */ = {
			isa = PBXGroup;
			children = (
				B2DFA2BB2DBA8CFE0035308F /* ViewModel */,
				B2DFA2B42DBA83170035308F /* Overall */,
				FA03A0D32D8475BA004875F9 /* View */,
				241806702D82B19900E54E41 /* HomeCoordinator.swift */,
				241806712D82B19900E54E41 /* HomeViewController.swift */,
			);
			path = Home;
			sourceTree = "<group>";
		};
		FA03A0BF2D830358004875F9 /* Custom */ = {
			isa = PBXGroup;
			children = (
				FA2A0B022D859E1A00A597DB /* Time */,
				FA2A0AFD2D8573AF00A597DB /* Calendar */,
				FA03A0C02D830362004875F9 /* DateView.swift */,
				FA03A0C62D8304FE004875F9 /* SingleTaskView.swift */,
				FA03A0CD2D831C71004875F9 /* DashedLineView.swift */,
				FA2A0AF72D85254200A597DB /* HabitToggle.swift */,
				FA2A0B002D859CD500A597DB /* SetPeriodDialog.swift */,
				FAA1E8882DB3447400604ABC /* DeleteDialog.swift */,
				B245D92C2DB7CF6200E857FA /* NavigationBarView.swift */,
				FA6D69612DA10F27003A7A84 /* InputView.swift */,
			);
			path = Custom;
			sourceTree = "<group>";
		};
		FA03A0C82D83066B004875F9 /* Model */ = {
			isa = PBXGroup;
			children = (
				FAE4349E2DAD7A01008C1DC9 /* Article.swift */,
				FAA1E8812DB29FED00604ABC /* MoodRecord.swift */,
				FAE434A02DAD7A0A008C1DC9 /* ArticleCategory.swift */,
				24E9230E2D8A94F200E9B96C /* HabitCategory.swift */,
				FAABE5372D8C677300544254 /* Frequency.swift */,
				24E923122D8A988E00E9B96C /* GoalUnit.swift */,
				24E923092D8A931400E9B96C /* Habit */,
			);
			path = Model;
			sourceTree = "<group>";
		};
		FA03A0D32D8475BA004875F9 /* View */ = {
			isa = PBXGroup;
			children = (
				FA03A0D12D847566004875F9 /* HomeToolView.swift */,
				FA03A0CF2D8472EC004875F9 /* HomeDiscoverView.swift */,
				FA03A0782D8205EB004875F9 /* HomeView.swift */,
			);
			path = View;
			sourceTree = "<group>";
		};
		FA2A0AEC2D8516D400A597DB /* Create */ = {
			isa = PBXGroup;
			children = (
				FA6D695E2DA0FA16003A7A84 /* View */,
				FA2A0AED2D8516EB00A597DB /* CreateCoordinator.swift */,
				FA2A0AEE2D8516EB00A597DB /* CreateViewController.swift */,
				FA2A0AEF2D8516EB00A597DB /* CreateViewModel.swift */,
			);
			path = Create;
			sourceTree = "<group>";
		};
		FA2A0AFD2D8573AF00A597DB /* Calendar */ = {
			isa = PBXGroup;
			children = (
				FA2A0AF92D85256E00A597DB /* CalendarDialog.swift */,
				FA2A0AFE2D85740C00A597DB /* CalendarViewModel.swift */,
			);
			path = Calendar;
			sourceTree = "<group>";
		};
		FA2A0B022D859E1A00A597DB /* Time */ = {
			isa = PBXGroup;
			children = (
				FA2A0B032D859E2600A597DB /* TimeDialog.swift */,
			);
			path = Time;
			sourceTree = "<group>";
		};
		FA6D695E2DA0FA16003A7A84 /* View */ = {
			isa = PBXGroup;
			children = (
				FA2A0AF52D85170500A597DB /* CreateView.swift */,
				FAABE5422D8DB2F700544254 /* SelectFrequencyView.swift */,
				FAE73E802D9AFBD800944448 /* ChooseIconView.swift */,
				FA6D695F2DA10723003A7A84 /* SelectGoalView.swift */,
			);
			path = View;
			sourceTree = "<group>";
		};
		FA9635DC2DA3D98B00701FC5 /* Manager */ = {
			isa = PBXGroup;
			children = (
				B230D77B2DB7EB830040359E /* Health */,
				B245D9302DB7D6F400E857FA /* AudioPlayer.swift */,
			);
			path = Manager;
			sourceTree = "<group>";
		};
		FA9635DF2DA6A66700701FC5 /* Core */ = {
			isa = PBXGroup;
			children = (
				FAABE53C2D8C76AE00544254 /* RealmDao.swift */,
				FAABE53A2D8C76AA00544254 /* RealmManager.swift */,
			);
			path = Core;
			sourceTree = "<group>";
		};
		FAA1E8852DB33EEB00604ABC /* MoodHistory */ = {
			isa = PBXGroup;
			children = (
				FAA1E8862DB33F0800604ABC /* MoodHistory.swift */,
				FAA1E88A2DB3497200604ABC /* MoodHistoryCoordinator.swift */,
				FAA1E88B2DB3497200604ABC /* MoodHistoryViewController.swift */,
				FAA1E88D2DB3497200604ABC /* MoodHistoryViewModel.swift */,
			);
			path = MoodHistory;
			sourceTree = "<group>";
		};
		FAA1E8922DB37BC500604ABC /* NoteHistory */ = {
			isa = PBXGroup;
			children = (
				FAA1E8932DB37BE300604ABC /* QuickNoteHistory.swift */,
			);
			path = NoteHistory;
			sourceTree = "<group>";
		};
		FAABE5392D8C75AE00544254 /* Realm */ = {
			isa = PBXGroup;
			children = (
				FA9635DF2DA6A66700701FC5 /* Core */,
				FAE73E6C2D943ED500944448 /* Model */,
				FAABE5402D8C773400544254 /* HabitDAO.swift */,
				FAE73E7E2D9454B700944448 /* HabitRecordDAO.swift */,
				FAE73E822D9B071C00944448 /* HabitScheduler.swift */,
				FAA1E8832DB2A08600604ABC /* MoodRecordDAO.swift */,
			);
			path = Realm;
			sourceTree = "<group>";
		};
		FAD1107C2DAEBCDE00F4E629 /* Data */ = {
			isa = PBXGroup;
			children = (
				FAD1107F2DAED96800F4E629 /* ListArticle.json */,
				FAD1107D2DAED32400F4E629 /* ArticleCategory.json */,
			);
			path = Data;
			sourceTree = "<group>";
		};
		FAD110812DAEE4DC00F4E629 /* Sound */ = {
			isa = PBXGroup;
			children = (
				FA00B6B62DB4BE8800B49125 /* Natural Sound */,
				FA00B6B12DB4BCA900B49125 /* Relaxing */,
				FA00B6A42DB4B97400B49125 /* Meditative */,
				FA00B6942DB4237800B49125 /* Soundscapes */,
				FAE73E862D9C1C2B00944448 /* ringtone.mp3 */,
				FAE73E842D9B09AB00944448 /* noisy.mp3 */,
			);
			path = Sound;
			sourceTree = "<group>";
		};
		FAD110822DAEE51B00F4E629 /* Moodie */ = {
			isa = PBXGroup;
			children = (
				FAD110832DAEE53000F4E629 /* MoodieCoordinator.swift */,
				FAD110842DAEE53000F4E629 /* MoodieViewController.swift */,
				FAD110862DAEE53000F4E629 /* MoodieViewModel.swift */,
				FAD1108B2DAEE54000F4E629 /* MoodieView.swift */,
			);
			path = Moodie;
			sourceTree = "<group>";
		};
		FAE4349D2DAD79DA008C1DC9 /* DetailArticle */ = {
			isa = PBXGroup;
			children = (
				FAE434A22DAD7A21008C1DC9 /* ArticleDetailView.swift */,
				FAD110742DAEACFA00F4E629 /* DetailArticleCoordinator.swift */,
				FAD110752DAEACFA00F4E629 /* DetailArticleViewController.swift */,
				FAD110772DAEACFA00F4E629 /* DetailArticleViewModel.swift */,
			);
			path = DetailArticle;
			sourceTree = "<group>";
		};
		FAE73E6C2D943ED500944448 /* Model */ = {
			isa = PBXGroup;
			children = (
				FAE73E6D2D943EDF00944448 /* RlmHabit.swift */,
				FAA1E87F2DB29F2600604ABC /* RlmMoodRecord.swift */,
				FAE73E6F2D94430F00944448 /* RlmHabitRecord.swift */,
			);
			path = Model;
			sourceTree = "<group>";
		};
		FAE73E732D944CEE00944448 /* HabitRecord */ = {
			isa = PBXGroup;
			children = (
				FAE73E742D944CFF00944448 /* HabitRecordCoordinator.swift */,
				FAE73E752D944CFF00944448 /* HabitRecordViewController.swift */,
				FAE73E762D944CFF00944448 /* HabitRecordViewModel.swift */,
				FAE73E7C2D944D0F00944448 /* HabitRecordView.swift */,
			);
			path = HabitRecord;
			sourceTree = "<group>";
		};
/* End PBXGroup section */

/* Begin PBXNativeTarget section */
		FA03A01A2D81F83F004875F9 /* Habitors */ = {
			isa = PBXNativeTarget;
			buildConfigurationList = FA03A02F2D81F844004875F9 /* Build configuration list for PBXNativeTarget "Habitors" */;
			buildPhases = (
				78A7FC5DF954C16F24D52360 /* [CP] Check Pods Manifest.lock */,
				FA03A0172D81F83F004875F9 /* Sources */,
				FA03A0182D81F83F004875F9 /* Frameworks */,
				FA03A0192D81F83F004875F9 /* Resources */,
				BAEBE67ACB25C89959A792EA /* [CP] Embed Pods Frameworks */,
				FAABE52E2D89B0E300544254 /* Embed Foundation Extensions */,
				FA00B6A32DB4B49E00B49125 /* Embed Frameworks */,
			);
			buildRules = (
			);
			dependencies = (
			);
			name = Habitors;
			packageProductDependencies = (
				FAABE5352D8B04E100544254 /* SakuraExtension */,
				FA00B6A02DB4AD1300B49125 /* SeekBar */,
			);
			productName = Habitors;
			productReference = FA03A01B2D81F83F004875F9 /* Habitors.app */;
			productType = "com.apple.product-type.application";
		};
/* End PBXNativeTarget section */

/* Begin PBXProject section */
		FA03A0132D81F83F004875F9 /* Project object */ = {
			isa = PBXProject;
			attributes = {
				BuildIndependentTargetsInParallel = 1;
				LastSwiftUpdateCheck = 1540;
				LastUpgradeCheck = 1540;
				TargetAttributes = {
					FA03A01A2D81F83F004875F9 = {
						CreatedOnToolsVersion = 15.4;
					};
				};
			};
			buildConfigurationList = FA03A0162D81F83F004875F9 /* Build configuration list for PBXProject "Habitors" */;
			compatibilityVersion = "Xcode 14.0";
			developmentRegion = en;
			hasScannedForEncodings = 0;
			knownRegions = (
				en,
				Base,
				vi,
			);
			mainGroup = FA03A0122D81F83F004875F9;
			packageReferences = (
				FAABE5342D8B04E100544254 /* XCRemoteSwiftPackageReference "SakuraExtension" */,
				FA00B69F2DB4AD1300B49125 /* XCRemoteSwiftPackageReference "SeekBar" */,
			);
			productRefGroup = FA03A01C2D81F83F004875F9 /* Products */;
			projectDirPath = "";
			projectRoot = "";
			targets = (
				FA03A01A2D81F83F004875F9 /* Habitors */,
			);
		};
/* End PBXProject section */

/* Begin PBXResourcesBuildPhase section */
		FA03A0192D81F83F004875F9 /* Resources */ = {
			isa = PBXResourcesBuildPhase;
			buildActionMask = 2147483647;
			files = (
				FAD110802DAED96800F4E629 /* ListArticle.json in Resources */,
				FA00B6AB2DB4B98D00B49125 /* a_golden_morning.mp3 in Resources */,
				B2DFA3272DBAB1EE0035308F /* Gilroy-Bold.ttf in Resources */,
				B2DFA3282DBAB1EE0035308F /* Gilroy-Medium.ttf in Resources */,
				B2DFA3292DBAB1EE0035308F /* Gilroy-Regular.ttf in Resources */,
				B2DFA32A2DBAB1EE0035308F /* Gilroy-SemiBold.ttf in Resources */,
				FA00B6AC2DB4B98D00B49125 /* breath_cycle.mp3 in Resources */,
				B2DFA31C2DBAB1200035308F /* SVN-Gilroy Regular.otf in Resources */,
				FA00B6B52DB4BD6100B49125 /* the_hidden_valley.mp3 in Resources */,
				FA00B6AD2DB4B98D00B49125 /* laringeal.mp3 in Resources */,
				FA00B6AE2DB4B98D00B49125 /* mindfulness.mp3 in Resources */,
				FA00B6AF2DB4B98D00B49125 /* hair_dryer.mp3 in Resources */,
				FA00B6B02DB4B98D00B49125 /* energy_ball.mp3 in Resources */,
				B2DFA3202DBAB16B0035308F /* SVN-Gilroy SemiBold.otf in Resources */,
				FA03A0282D81F844004875F9 /* Assets.xcassets in Resources */,
				FAE73E852D9B09AB00944448 /* noisy.mp3 in Resources */,
				B230D78D2DB8134F0040359E /* Localizable.strings in Resources */,
				FAD1107E2DAED32400F4E629 /* ArticleCategory.json in Resources */,
				B2DFA31E2DBAB1520035308F /* SVN-Gilroy Medium.otf in Resources */,
				FAE73E872D9C1C2B00944448 /* ringtone.mp3 in Resources */,
				FA00B69A2DB423DC00B49125 /* percussion.mp3 in Resources */,
				FA00B69B2DB423DC00B49125 /* cricket.mp3 in Resources */,
				FA00B69C2DB423DC00B49125 /* rain_and_thunder.mp3 in Resources */,
				FA00B69D2DB423DC00B49125 /* river.mp3 in Resources */,
				B2DFA31A2DBAB0980035308F /* SVN-Gilroy Bold.otf in Resources */,
				FA00B69E2DB423DC00B49125 /* fireplace.mp3 in Resources */,
				FA00B6B32DB4BCB100B49125 /* flying.mp3 in Resources */,
				FA00B6BA2DB4BE9800B49125 /* autumn_breeze.mp3 in Resources */,
				FA00B6B82DB4BE9300B49125 /* sailing_the_harbor.mp3 in Resources */,
			);
			runOnlyForDeploymentPostprocessing = 0;
		};
/* End PBXResourcesBuildPhase section */

/* Begin PBXShellScriptBuildPhase section */
		78A7FC5DF954C16F24D52360 /* [CP] Check Pods Manifest.lock */ = {
			isa = PBXShellScriptBuildPhase;
			buildActionMask = 2147483647;
			files = (
			);
			inputFileListPaths = (
			);
			inputPaths = (
				"${PODS_PODFILE_DIR_PATH}/Podfile.lock",
				"${PODS_ROOT}/Manifest.lock",
			);
			name = "[CP] Check Pods Manifest.lock";
			outputFileListPaths = (
			);
			outputPaths = (
				"$(DERIVED_FILE_DIR)/Pods-Habitors-checkManifestLockResult.txt",
			);
			runOnlyForDeploymentPostprocessing = 0;
			shellPath = /bin/sh;
			shellScript = "diff \"${PODS_PODFILE_DIR_PATH}/Podfile.lock\" \"${PODS_ROOT}/Manifest.lock\" > /dev/null\nif [ $? != 0 ] ; then\n    # print error to STDERR\n    echo \"error: The sandbox is not in sync with the Podfile.lock. Run 'pod install' or update your CocoaPods installation.\" >&2\n    exit 1\nfi\n# This output is used by Xcode 'outputs' to avoid re-running this script phase.\necho \"SUCCESS\" > \"${SCRIPT_OUTPUT_FILE_0}\"\n";
			showEnvVarsInLog = 0;
		};
		BAEBE67ACB25C89959A792EA /* [CP] Embed Pods Frameworks */ = {
			isa = PBXShellScriptBuildPhase;
			buildActionMask = 2147483647;
			files = (
			);
			inputFileListPaths = (
				"${PODS_ROOT}/Target Support Files/Pods-Habitors/Pods-Habitors-frameworks-${CONFIGURATION}-input-files.xcfilelist",
			);
			name = "[CP] Embed Pods Frameworks";
			outputFileListPaths = (
				"${PODS_ROOT}/Target Support Files/Pods-Habitors/Pods-Habitors-frameworks-${CONFIGURATION}-output-files.xcfilelist",
			);
			runOnlyForDeploymentPostprocessing = 0;
			shellPath = /bin/sh;
			shellScript = "\"${PODS_ROOT}/Target Support Files/Pods-Habitors/Pods-Habitors-frameworks.sh\"\n";
			showEnvVarsInLog = 0;
		};
/* End PBXShellScriptBuildPhase section */

/* Begin PBXSourcesBuildPhase section */
		FA03A0172D81F83F004875F9 /* Sources */ = {
			isa = PBXSourcesBuildPhase;
			buildActionMask = 2147483647;
			files = (
				FA2A0B042D859E2600A597DB /* TimeDialog.swift in Sources */,
				FAABE50E2D8883CE00544254 /* AppCoordinator.swift in Sources */,
				B245D92D2DB7CF6200E857FA /* NavigationBarView.swift in Sources */,
				B2DFA2B82DBA83D60035308F /* TrendingView.swift in Sources */,
				FAE73E7D2D944D0F00944448 /* HabitRecordView.swift in Sources */,
				FAD110872DAEE53000F4E629 /* MoodieCoordinator.swift in Sources */,
				FAD110882DAEE53000F4E629 /* MoodieViewController.swift in Sources */,
				FAD110892DAEE53000F4E629 /* MoodieViewModel.swift in Sources */,
				24E923132D8A988E00E9B96C /* GoalUnit.swift in Sources */,
				FA2A0AF82D85254200A597DB /* HabitToggle.swift in Sources */,
				24E923112D8A953E00E9B96C /* AppConst.swift in Sources */,
				B230D77E2DB7ED5F0040359E /* ExerciseTimeService.swift in Sources */,
				FA6D69602DA10723003A7A84 /* SelectGoalView.swift in Sources */,
				24E9230B2D8A931B00E9B96C /* Habit.swift in Sources */,
				FA03A0392D81F916004875F9 /* SplashCoordinator.swift in Sources */,
				B27E96E12DB94B2000CE0596 /* StandService.swift in Sources */,
				FA2A0AFA2D85256E00A597DB /* CalendarDialog.swift in Sources */,
				FAE434A12DAD7A0A008C1DC9 /* ArticleCategory.swift in Sources */,
				FAABE5412D8C773400544254 /* HabitDAO.swift in Sources */,
				FAE73E702D94430F00944448 /* RlmHabitRecord.swift in Sources */,
				FA6D69622DA10F27003A7A84 /* InputView.swift in Sources */,
				FA03A0C12D830362004875F9 /* DateView.swift in Sources */,
				B2DFA2B62DBA832E0035308F /* YearStatusView.swift in Sources */,
				FAA1E8872DB33F0800604ABC /* MoodHistory.swift in Sources */,
				B230D7872DB805340040359E /* Translator.swift in Sources */,
				FAABE5382D8C677300544254 /* Frequency.swift in Sources */,
				FAA1E8802DB29F2600604ABC /* RlmMoodRecord.swift in Sources */,
				FAA1E8892DB3447400604ABC /* DeleteDialog.swift in Sources */,
				24E9231E2D8A9C2F00E9B96C /* ChooseTemplateHabitView.swift in Sources */,
				FA2A0AF12D8516EB00A597DB /* CreateCoordinator.swift in Sources */,
				FAE4349F2DAD7A01008C1DC9 /* Article.swift in Sources */,
				FAA1E8842DB2A08600604ABC /* MoodRecordDAO.swift in Sources */,
				B2DFA2BD2DBA94FE0035308F /* HomeCalendarView.swift in Sources */,
				B23110DB2DB7633F009777FE /* SettingView.swift in Sources */,
				FA2A0AF22D8516EB00A597DB /* CreateViewController.swift in Sources */,
				FA2A0AF32D8516EB00A597DB /* CreateViewModel.swift in Sources */,
				FAE73E812D9AFBD800944448 /* ChooseIconView.swift in Sources */,
				FAD1108C2DAEE54000F4E629 /* MoodieView.swift in Sources */,
				FAE73E7F2D9454B700944448 /* HabitRecordDAO.swift in Sources */,
				FA2A0AFF2D85740C00A597DB /* CalendarViewModel.swift in Sources */,
				FA03A03A2D81F916004875F9 /* SplashViewController.swift in Sources */,
				FAD110782DAEACFA00F4E629 /* DetailArticleCoordinator.swift in Sources */,
				FAD110792DAEACFA00F4E629 /* DetailArticleViewController.swift in Sources */,
				FAD1107A2DAEACFA00F4E629 /* DetailArticleViewModel.swift in Sources */,
				FA9635E32DA6B05800701FC5 /* UIApplication+Extension.swift in Sources */,
				FA03A03B2D81F916004875F9 /* SplashViewModel.swift in Sources */,
				FA03A01F2D81F83F004875F9 /* AppDelegate.swift in Sources */,
				FAE434A32DAD7A21008C1DC9 /* ArticleDetailView.swift in Sources */,
				FA00B6BC2DB4DC8F00B49125 /* StepCountService.swift in Sources */,
				FA03A0CC2D831691004875F9 /* HomeOverallView.swift in Sources */,
				FAABE5432D8DB2F700544254 /* SelectFrequencyView.swift in Sources */,
				B230D77A2DB7EB800040359E /* HealthService.swift in Sources */,
				FA03A0422D81F975004875F9 /* BaseViewModel.swift in Sources */,
				24E9230F2D8A94F200E9B96C /* HabitCategory.swift in Sources */,
				FA9635E72DAAB0C100701FC5 /* Num+Extension.swift in Sources */,
				FA03A0402D81F970004875F9 /* BaseViewController.swift in Sources */,
				FA2A0AF62D85170500A597DB /* CreateView.swift in Sources */,
				FA03A0762D81FCA9004875F9 /* Text+Extension.swift in Sources */,
				FAABE53D2D8C76AF00544254 /* RealmDao.swift in Sources */,
				B2DFA2BA2DBA841D0035308F /* SummaryView.swift in Sources */,
				FA2A0B062D85A01000A597DB /* Int+Extension.swift in Sources */,
				FA03A0C32D830435004875F9 /* Date+Extension.swift in Sources */,
				241806742D82B19900E54E41 /* HomeCoordinator.swift in Sources */,
				FA9635DB2DA3BF1E00701FC5 /* UIViewController+Extension.swift in Sources */,
				FAE73E832D9B071C00944448 /* HabitScheduler.swift in Sources */,
				FA2A0AFC2D85284100A597DB /* Calendar+Extension.swift in Sources */,
				241806752D82B19900E54E41 /* HomeViewController.swift in Sources */,
				241806762D82B19900E54E41 /* HomeViewModel.swift in Sources */,
				FAA1E8822DB29FED00604ABC /* MoodRecord.swift in Sources */,
				B245D9312DB7D6F400E857FA /* AudioPlayer.swift in Sources */,
				FAE73E722D9444A300944448 /* HabitRecord.swift in Sources */,
				24E923192D8A9C0A00E9B96C /* ChooseTemplateHabitCoordinator.swift in Sources */,
				24E9231A2D8A9C0A00E9B96C /* ChooseTemplateHabitViewController.swift in Sources */,
				24E9231B2D8A9C0A00E9B96C /* ChooseTemplateHabitViewModel.swift in Sources */,
				FA03A03D2D81F925004875F9 /* SplashView.swift in Sources */,
				FA03A0D02D8472EC004875F9 /* HomeDiscoverView.swift in Sources */,
				FA2A0B012D859CD500A597DB /* SetPeriodDialog.swift in Sources */,
				FAE73E6E2D943EDF00944448 /* RlmHabit.swift in Sources */,
				FAABE53B2D8C76AB00544254 /* RealmManager.swift in Sources */,
				FAA1E88E2DB3497200604ABC /* MoodHistoryCoordinator.swift in Sources */,
				B23110D72DB76331009777FE /* SettingViewModel.swift in Sources */,
				B23110D82DB76331009777FE /* SettingCoordinator.swift in Sources */,
				B23110D92DB76331009777FE /* SettingViewController.swift in Sources */,
				FAA1E88F2DB3497200604ABC /* MoodHistoryViewController.swift in Sources */,
				B23110DD2DB76352009777FE /* User.swift in Sources */,
				FAA1E8902DB3497200604ABC /* MoodHistoryViewModel.swift in Sources */,
				FA03A0792D8205EB004875F9 /* HomeView.swift in Sources */,
				FA03A0D22D847566004875F9 /* HomeToolView.swift in Sources */,
				FA03A0C72D8304FE004875F9 /* SingleTaskView.swift in Sources */,
				FA03A0CE2D831C71004875F9 /* DashedLineView.swift in Sources */,
				B230D7802DB7EE170040359E /* WaterService.swift in Sources */,
				FAA1E8942DB37BE300604ABC /* QuickNoteHistory.swift in Sources */,
				FA03A0472D81F9BC004875F9 /* UIView+Extension.swift in Sources */,
				FA03A0442D81F979004875F9 /* Coordinator.swift in Sources */,
				FAE73E782D944CFF00944448 /* HabitRecordCoordinator.swift in Sources */,
				FAE73E792D944CFF00944448 /* HabitRecordViewController.swift in Sources */,
				FAE73E7A2D944CFF00944448 /* HabitRecordViewModel.swift in Sources */,
			);
			runOnlyForDeploymentPostprocessing = 0;
		};
/* End PBXSourcesBuildPhase section */

/* Begin PBXVariantGroup section */
		B230D78B2DB8134F0040359E /* Localizable.strings */ = {
			isa = PBXVariantGroup;
			children = (
				B230D78C2DB8134F0040359E /* en */,
				B230D78E2DB813550040359E /* vi */,
			);
			name = Localizable.strings;
			sourceTree = "<group>";
		};
/* End PBXVariantGroup section */

/* Begin XCBuildConfiguration section */
		FA03A02D2D81F844004875F9 /* Debug */ = {
			isa = XCBuildConfiguration;
			buildSettings = {
				ALWAYS_SEARCH_USER_PATHS = NO;
				ASSETCATALOG_COMPILER_GENERATE_SWIFT_ASSET_SYMBOL_EXTENSIONS = YES;
				CLANG_ANALYZER_NONNULL = YES;
				CLANG_ANALYZER_NUMBER_OBJECT_CONVERSION = YES_AGGRESSIVE;
				CLANG_CXX_LANGUAGE_STANDARD = "gnu++20";
				CLANG_ENABLE_MODULES = YES;
				CLANG_ENABLE_OBJC_ARC = YES;
				CLANG_ENABLE_OBJC_WEAK = YES;
				CLANG_WARN_BLOCK_CAPTURE_AUTORELEASING = YES;
				CLANG_WARN_BOOL_CONVERSION = YES;
				CLANG_WARN_COMMA = YES;
				CLANG_WARN_CONSTANT_CONVERSION = YES;
				CLANG_WARN_DEPRECATED_OBJC_IMPLEMENTATIONS = YES;
				CLANG_WARN_DIRECT_OBJC_ISA_USAGE = YES_ERROR;
				CLANG_WARN_DOCUMENTATION_COMMENTS = YES;
				CLANG_WARN_EMPTY_BODY = YES;
				CLANG_WARN_ENUM_CONVERSION = YES;
				CLANG_WARN_INFINITE_RECURSION = YES;
				CLANG_WARN_INT_CONVERSION = YES;
				CLANG_WARN_NON_LITERAL_NULL_CONVERSION = YES;
				CLANG_WARN_OBJC_IMPLICIT_RETAIN_SELF = YES;
				CLANG_WARN_OBJC_LITERAL_CONVERSION = YES;
				CLANG_WARN_OBJC_ROOT_CLASS = YES_ERROR;
				CLANG_WARN_QUOTED_INCLUDE_IN_FRAMEWORK_HEADER = YES;
				CLANG_WARN_RANGE_LOOP_ANALYSIS = YES;
				CLANG_WARN_STRICT_PROTOTYPES = YES;
				CLANG_WARN_SUSPICIOUS_MOVE = YES;
				CLANG_WARN_UNGUARDED_AVAILABILITY = YES_AGGRESSIVE;
				CLANG_WARN_UNREACHABLE_CODE = YES;
				CLANG_WARN__DUPLICATE_METHOD_MATCH = YES;
				COPY_PHASE_STRIP = NO;
				DEBUG_INFORMATION_FORMAT = dwarf;
				ENABLE_STRICT_OBJC_MSGSEND = YES;
				ENABLE_TESTABILITY = YES;
				ENABLE_USER_SCRIPT_SANDBOXING = YES;
				GCC_C_LANGUAGE_STANDARD = gnu17;
				GCC_DYNAMIC_NO_PIC = NO;
				GCC_NO_COMMON_BLOCKS = YES;
				GCC_OPTIMIZATION_LEVEL = 0;
				GCC_PREPROCESSOR_DEFINITIONS = (
					"DEBUG=1",
					"$(inherited)",
				);
				GCC_WARN_64_TO_32_BIT_CONVERSION = YES;
				GCC_WARN_ABOUT_RETURN_TYPE = YES_ERROR;
				GCC_WARN_UNDECLARED_SELECTOR = YES;
				GCC_WARN_UNINITIALIZED_AUTOS = YES_AGGRESSIVE;
				GCC_WARN_UNUSED_FUNCTION = YES;
				GCC_WARN_UNUSED_VARIABLE = YES;
				IPHONEOS_DEPLOYMENT_TARGET = 17.5;
				LOCALIZATION_PREFERS_STRING_CATALOGS = YES;
				MTL_ENABLE_DEBUG_INFO = INCLUDE_SOURCE;
				MTL_FAST_MATH = YES;
				ONLY_ACTIVE_ARCH = YES;
				SDKROOT = iphoneos;
				SWIFT_ACTIVE_COMPILATION_CONDITIONS = "DEBUG $(inherited)";
				SWIFT_EMIT_LOC_STRINGS = YES;
				SWIFT_OPTIMIZATION_LEVEL = "-Onone";
			};
			name = Debug;
		};
		FA03A02E2D81F844004875F9 /* Release */ = {
			isa = XCBuildConfiguration;
			buildSettings = {
				ALWAYS_SEARCH_USER_PATHS = NO;
				ASSETCATALOG_COMPILER_GENERATE_SWIFT_ASSET_SYMBOL_EXTENSIONS = YES;
				CLANG_ANALYZER_NONNULL = YES;
				CLANG_ANALYZER_NUMBER_OBJECT_CONVERSION = YES_AGGRESSIVE;
				CLANG_CXX_LANGUAGE_STANDARD = "gnu++20";
				CLANG_ENABLE_MODULES = YES;
				CLANG_ENABLE_OBJC_ARC = YES;
				CLANG_ENABLE_OBJC_WEAK = YES;
				CLANG_WARN_BLOCK_CAPTURE_AUTORELEASING = YES;
				CLANG_WARN_BOOL_CONVERSION = YES;
				CLANG_WARN_COMMA = YES;
				CLANG_WARN_CONSTANT_CONVERSION = YES;
				CLANG_WARN_DEPRECATED_OBJC_IMPLEMENTATIONS = YES;
				CLANG_WARN_DIRECT_OBJC_ISA_USAGE = YES_ERROR;
				CLANG_WARN_DOCUMENTATION_COMMENTS = YES;
				CLANG_WARN_EMPTY_BODY = YES;
				CLANG_WARN_ENUM_CONVERSION = YES;
				CLANG_WARN_INFINITE_RECURSION = YES;
				CLANG_WARN_INT_CONVERSION = YES;
				CLANG_WARN_NON_LITERAL_NULL_CONVERSION = YES;
				CLANG_WARN_OBJC_IMPLICIT_RETAIN_SELF = YES;
				CLANG_WARN_OBJC_LITERAL_CONVERSION = YES;
				CLANG_WARN_OBJC_ROOT_CLASS = YES_ERROR;
				CLANG_WARN_QUOTED_INCLUDE_IN_FRAMEWORK_HEADER = YES;
				CLANG_WARN_RANGE_LOOP_ANALYSIS = YES;
				CLANG_WARN_STRICT_PROTOTYPES = YES;
				CLANG_WARN_SUSPICIOUS_MOVE = YES;
				CLANG_WARN_UNGUARDED_AVAILABILITY = YES_AGGRESSIVE;
				CLANG_WARN_UNREACHABLE_CODE = YES;
				CLANG_WARN__DUPLICATE_METHOD_MATCH = YES;
				COPY_PHASE_STRIP = NO;
				DEBUG_INFORMATION_FORMAT = "dwarf-with-dsym";
				ENABLE_NS_ASSERTIONS = NO;
				ENABLE_STRICT_OBJC_MSGSEND = YES;
				ENABLE_USER_SCRIPT_SANDBOXING = YES;
				GCC_C_LANGUAGE_STANDARD = gnu17;
				GCC_NO_COMMON_BLOCKS = YES;
				GCC_WARN_64_TO_32_BIT_CONVERSION = YES;
				GCC_WARN_ABOUT_RETURN_TYPE = YES_ERROR;
				GCC_WARN_UNDECLARED_SELECTOR = YES;
				GCC_WARN_UNINITIALIZED_AUTOS = YES_AGGRESSIVE;
				GCC_WARN_UNUSED_FUNCTION = YES;
				GCC_WARN_UNUSED_VARIABLE = YES;
				IPHONEOS_DEPLOYMENT_TARGET = 17.5;
				LOCALIZATION_PREFERS_STRING_CATALOGS = YES;
				MTL_ENABLE_DEBUG_INFO = NO;
				MTL_FAST_MATH = YES;
				SDKROOT = iphoneos;
				SWIFT_COMPILATION_MODE = wholemodule;
				SWIFT_EMIT_LOC_STRINGS = YES;
				VALIDATE_PRODUCT = YES;
			};
			name = Release;
		};
		FA03A0302D81F844004875F9 /* Debug */ = {
			isa = XCBuildConfiguration;
			baseConfigurationReference = 06D8F555F47B0B82B4DDFF30 /* Pods-Habitors.debug.xcconfig */;
			buildSettings = {
				ALWAYS_EMBED_SWIFT_STANDARD_LIBRARIES = YES;
				ASSETCATALOG_COMPILER_APPICON_NAME = AppIcon;
				ASSETCATALOG_COMPILER_GLOBAL_ACCENT_COLOR_NAME = AccentColor;
				CODE_SIGN_ENTITLEMENTS = Habitors/Habitors.entitlements;
				CODE_SIGN_STYLE = Automatic;
				CURRENT_PROJECT_VERSION = 1;
				DEVELOPMENT_TEAM = H9KPQ3526P;
				ENABLE_USER_SCRIPT_SANDBOXING = NO;
				GENERATE_INFOPLIST_FILE = YES;
				INFOPLIST_FILE = Habitors/Info.plist;
				INFOPLIST_KEY_NSCameraUsageDescription = "\"\"";
				INFOPLIST_KEY_NSHealthShareUsageDescription = "Habits linked into HealthKit needs read data to show.";
				INFOPLIST_KEY_NSHealthUpdateUsageDescription = "Habits linked into HealthKit will insert data automaticly.";
				INFOPLIST_KEY_UIApplicationSupportsIndirectInputEvents = YES;
				INFOPLIST_KEY_UILaunchStoryboardName = "";
				INFOPLIST_KEY_UIMainStoryboardFile = "";
				INFOPLIST_KEY_UISupportedInterfaceOrientations = UIInterfaceOrientationPortrait;
				INFOPLIST_KEY_UISupportedInterfaceOrientations_iPad = "UIInterfaceOrientationLandscapeLeft UIInterfaceOrientationLandscapeRight UIInterfaceOrientationPortrait UIInterfaceOrientationPortraitUpsideDown";
				INFOPLIST_KEY_UIUserInterfaceStyle = Light;
				IPHONEOS_DEPLOYMENT_TARGET = 15.6;
				LD_RUNPATH_SEARCH_PATHS = (
					"$(inherited)",
					"@executable_path/Frameworks",
				);
				MARKETING_VERSION = 1.0;
				PRODUCT_BUNDLE_IDENTIFIER = com.thanh.Habitors.test;
				PRODUCT_NAME = "$(TARGET_NAME)";
				SUPPORTED_PLATFORMS = "iphoneos iphonesimulator";
				SUPPORTS_MACCATALYST = NO;
				SUPPORTS_MAC_DESIGNED_FOR_IPHONE_IPAD = NO;
				SUPPORTS_XR_DESIGNED_FOR_IPHONE_IPAD = NO;
				SWIFT_EMIT_LOC_STRINGS = YES;
				SWIFT_VERSION = 5.0;
				TARGETED_DEVICE_FAMILY = 1;
			};
			name = Debug;
		};
		FA03A0312D81F844004875F9 /* Release */ = {
			isa = XCBuildConfiguration;
			baseConfigurationReference = 0CDF5891CE71BFD804C379EF /* Pods-Habitors.release.xcconfig */;
			buildSettings = {
				ALWAYS_EMBED_SWIFT_STANDARD_LIBRARIES = YES;
				ASSETCATALOG_COMPILER_APPICON_NAME = AppIcon;
				ASSETCATALOG_COMPILER_GLOBAL_ACCENT_COLOR_NAME = AccentColor;
				CODE_SIGN_ENTITLEMENTS = Habitors/Habitors.entitlements;
				CODE_SIGN_STYLE = Automatic;
				CURRENT_PROJECT_VERSION = 1;
				DEVELOPMENT_TEAM = H9KPQ3526P;
				ENABLE_USER_SCRIPT_SANDBOXING = NO;
				GENERATE_INFOPLIST_FILE = YES;
				INFOPLIST_FILE = Habitors/Info.plist;
				INFOPLIST_KEY_NSCameraUsageDescription = "\"\"";
				INFOPLIST_KEY_NSHealthShareUsageDescription = "Habits linked into HealthKit needs read data to show.";
				INFOPLIST_KEY_NSHealthUpdateUsageDescription = "Habits linked into HealthKit will insert data automaticly.";
				INFOPLIST_KEY_UIApplicationSupportsIndirectInputEvents = YES;
				INFOPLIST_KEY_UILaunchStoryboardName = "";
				INFOPLIST_KEY_UIMainStoryboardFile = "";
				INFOPLIST_KEY_UISupportedInterfaceOrientations = UIInterfaceOrientationPortrait;
				INFOPLIST_KEY_UISupportedInterfaceOrientations_iPad = "UIInterfaceOrientationLandscapeLeft UIInterfaceOrientationLandscapeRight UIInterfaceOrientationPortrait UIInterfaceOrientationPortraitUpsideDown";
				INFOPLIST_KEY_UIUserInterfaceStyle = Light;
				IPHONEOS_DEPLOYMENT_TARGET = 15.6;
				LD_RUNPATH_SEARCH_PATHS = (
					"$(inherited)",
					"@executable_path/Frameworks",
				);
				MARKETING_VERSION = 1.0;
				PRODUCT_BUNDLE_IDENTIFIER = com.thanh.Habitors.test;
				PRODUCT_NAME = "$(TARGET_NAME)";
				SUPPORTED_PLATFORMS = "iphoneos iphonesimulator";
				SUPPORTS_MACCATALYST = NO;
				SUPPORTS_MAC_DESIGNED_FOR_IPHONE_IPAD = NO;
				SUPPORTS_XR_DESIGNED_FOR_IPHONE_IPAD = NO;
				SWIFT_EMIT_LOC_STRINGS = YES;
				SWIFT_VERSION = 5.0;
				TARGETED_DEVICE_FAMILY = 1;
			};
			name = Release;
		};
/* End XCBuildConfiguration section */

/* Begin XCConfigurationList section */
		FA03A0162D81F83F004875F9 /* Build configuration list for PBXProject "Habitors" */ = {
			isa = XCConfigurationList;
			buildConfigurations = (
				FA03A02D2D81F844004875F9 /* Debug */,
				FA03A02E2D81F844004875F9 /* Release */,
			);
			defaultConfigurationIsVisible = 0;
			defaultConfigurationName = Release;
		};
		FA03A02F2D81F844004875F9 /* Build configuration list for PBXNativeTarget "Habitors" */ = {
			isa = XCConfigurationList;
			buildConfigurations = (
				FA03A0302D81F844004875F9 /* Debug */,
				FA03A0312D81F844004875F9 /* Release */,
			);
			defaultConfigurationIsVisible = 0;
			defaultConfigurationName = Release;
		};
/* End XCConfigurationList section */

/* Begin XCRemoteSwiftPackageReference section */
		FA00B69F2DB4AD1300B49125 /* XCRemoteSwiftPackageReference "SeekBar" */ = {
			isa = XCRemoteSwiftPackageReference;
			repositoryURL = "https://github.com/kim-minseong/SeekBar.git";
			requirement = {
				branch = main;
				kind = branch;
			};
		};
		FAABE5342D8B04E100544254 /* XCRemoteSwiftPackageReference "SakuraExtension" */ = {
			isa = XCRemoteSwiftPackageReference;
			repositoryURL = "https://github.com/Sakurathanh2003/SakuraExtension.git";
			requirement = {
				branch = develop;
				kind = branch;
			};
		};
/* End XCRemoteSwiftPackageReference section */

/* Begin XCSwiftPackageProductDependency section */
		FA00B6A02DB4AD1300B49125 /* SeekBar */ = {
			isa = XCSwiftPackageProductDependency;
			package = FA00B69F2DB4AD1300B49125 /* XCRemoteSwiftPackageReference "SeekBar" */;
			productName = SeekBar;
		};
		FAABE5352D8B04E100544254 /* SakuraExtension */ = {
			isa = XCSwiftPackageProductDependency;
			package = FAABE5342D8B04E100544254 /* XCRemoteSwiftPackageReference "SakuraExtension" */;
			productName = SakuraExtension;
		};
/* End XCSwiftPackageProductDependency section */
	};
	rootObject = FA03A0132D81F83F004875F9 /* Project object */;
}
