// !$*UTF8*$!
{
	archiveVersion = 1;
	classes = {
	};
	objectVersion = 56;
	objects = {

/* Begin PBXBuildFile section */
		23312E1699B2096F7EA3DAD6 /* Pods_Habitors.framework in Frameworks */ = {isa = PBXBuildFile; fileRef = EC7B1BE09FE7CF60A0E460AF /* Pods_Habitors.framework */; };
		241806742D82B19900E54E41 /* HomeCoordinator.swift in Sources */ = {isa = PBXBuildFile; fileRef = 241806702D82B19900E54E41 /* HomeCoordinator.swift */; };
		241806752D82B19900E54E41 /* HomeViewController.swift in Sources */ = {isa = PBXBuildFile; fileRef = 241806712D82B19900E54E41 /* HomeViewController.swift */; };
		241806762D82B19900E54E41 /* HomeViewModel.swift in Sources */ = {isa = PBXBuildFile; fileRef = 241806722D82B19900E54E41 /* HomeViewModel.swift */; };
		FA03A01F2D81F83F004875F9 /* AppDelegate.swift in Sources */ = {isa = PBXBuildFile; fileRef = FA03A01E2D81F83F004875F9 /* AppDelegate.swift */; };
		FA03A0232D81F83F004875F9 /* ViewController.swift in Sources */ = {isa = PBXBuildFile; fileRef = FA03A0222D81F83F004875F9 /* ViewController.swift */; };
		FA03A0262D81F83F004875F9 /* Base in Resources */ = {isa = PBXBuildFile; fileRef = FA03A0252D81F83F004875F9 /* Base */; };
		FA03A0282D81F844004875F9 /* Assets.xcassets in Resources */ = {isa = PBXBuildFile; fileRef = FA03A0272D81F844004875F9 /* Assets.xcassets */; };
		FA03A02B2D81F844004875F9 /* Base in Resources */ = {isa = PBXBuildFile; fileRef = FA03A02A2D81F844004875F9 /* Base */; };
		FA03A0392D81F916004875F9 /* SplashCoordinator.swift in Sources */ = {isa = PBXBuildFile; fileRef = FA03A0342D81F916004875F9 /* SplashCoordinator.swift */; };
		FA03A03A2D81F916004875F9 /* SplashViewController.swift in Sources */ = {isa = PBXBuildFile; fileRef = FA03A0352D81F916004875F9 /* SplashViewController.swift */; };
		FA03A03B2D81F916004875F9 /* SplashViewModel.swift in Sources */ = {isa = PBXBuildFile; fileRef = FA03A0362D81F916004875F9 /* SplashViewModel.swift */; };
		FA03A03D2D81F925004875F9 /* SplashView.swift in Sources */ = {isa = PBXBuildFile; fileRef = FA03A03C2D81F925004875F9 /* SplashView.swift */; };
		FA03A0402D81F970004875F9 /* BaseViewController.swift in Sources */ = {isa = PBXBuildFile; fileRef = FA03A03F2D81F970004875F9 /* BaseViewController.swift */; };
		FA03A0422D81F975004875F9 /* BaseViewModel.swift in Sources */ = {isa = PBXBuildFile; fileRef = FA03A0412D81F975004875F9 /* BaseViewModel.swift */; };
		FA03A0442D81F979004875F9 /* Coordinator.swift in Sources */ = {isa = PBXBuildFile; fileRef = FA03A0432D81F979004875F9 /* Coordinator.swift */; };
		FA03A0472D81F9BC004875F9 /* UIView+Extension.swift in Sources */ = {isa = PBXBuildFile; fileRef = FA03A0462D81F9BC004875F9 /* UIView+Extension.swift */; };
		FA03A0762D81FCA9004875F9 /* Text+Extension.swift in Sources */ = {isa = PBXBuildFile; fileRef = FA03A0752D81FCA9004875F9 /* Text+Extension.swift */; };
		FA03A0792D8205EB004875F9 /* HomeView.swift in Sources */ = {isa = PBXBuildFile; fileRef = FA03A0782D8205EB004875F9 /* HomeView.swift */; };
		FA03A0AA2D82073D004875F9 /* Gilroy-Bold.ttf in Resources */ = {isa = PBXBuildFile; fileRef = FA03A0872D82073C004875F9 /* Gilroy-Bold.ttf */; };
		FA03A0B22D82073D004875F9 /* Gilroy-Medium.ttf in Resources */ = {isa = PBXBuildFile; fileRef = FA03A08F2D82073C004875F9 /* Gilroy-Medium.ttf */; };
		FA03A0B42D82073D004875F9 /* Gilroy-Regular.ttf in Resources */ = {isa = PBXBuildFile; fileRef = FA03A0912D82073C004875F9 /* Gilroy-Regular.ttf */; };
		FA03A0B62D82073D004875F9 /* Gilroy-SemiBold.ttf in Resources */ = {isa = PBXBuildFile; fileRef = FA03A0932D82073C004875F9 /* Gilroy-SemiBold.ttf */; };
		FA03A0C12D830362004875F9 /* DateView.swift in Sources */ = {isa = PBXBuildFile; fileRef = FA03A0C02D830362004875F9 /* DateView.swift */; };
		FA03A0C32D830435004875F9 /* Date+Extension.swift in Sources */ = {isa = PBXBuildFile; fileRef = FA03A0C22D830435004875F9 /* Date+Extension.swift */; };
		FA03A0C72D8304FE004875F9 /* SingleTaskView.swift in Sources */ = {isa = PBXBuildFile; fileRef = FA03A0C62D8304FE004875F9 /* SingleTaskView.swift */; };
		FA03A0CA2D830674004875F9 /* Task.swift in Sources */ = {isa = PBXBuildFile; fileRef = FA03A0C92D830674004875F9 /* Task.swift */; };
		FA03A0CC2D831691004875F9 /* HomeActivityView.swift in Sources */ = {isa = PBXBuildFile; fileRef = FA03A0CB2D831691004875F9 /* HomeActivityView.swift */; };
		FA03A0CE2D831C71004875F9 /* DashedLineView.swift in Sources */ = {isa = PBXBuildFile; fileRef = FA03A0CD2D831C71004875F9 /* DashedLineView.swift */; };
		FA03A0D02D8472EC004875F9 /* HomeDiscoverView.swift in Sources */ = {isa = PBXBuildFile; fileRef = FA03A0CF2D8472EC004875F9 /* HomeDiscoverView.swift */; };
		FA03A0D22D847566004875F9 /* HomeToolView.swift in Sources */ = {isa = PBXBuildFile; fileRef = FA03A0D12D847566004875F9 /* HomeToolView.swift */; };
		FA03A0D52D8486FC004875F9 /* Tool.swift in Sources */ = {isa = PBXBuildFile; fileRef = FA03A0D42D8486FB004875F9 /* Tool.swift */; };
		FA2A0AEB2D84A30400A597DB /* MusicToolDetailView.swift in Sources */ = {isa = PBXBuildFile; fileRef = FA2A0AEA2D84A30400A597DB /* MusicToolDetailView.swift */; };
		FA2A0AF12D8516EB00A597DB /* CreateCoordinator.swift in Sources */ = {isa = PBXBuildFile; fileRef = FA2A0AED2D8516EB00A597DB /* CreateCoordinator.swift */; };
		FA2A0AF22D8516EB00A597DB /* CreateViewController.swift in Sources */ = {isa = PBXBuildFile; fileRef = FA2A0AEE2D8516EB00A597DB /* CreateViewController.swift */; };
		FA2A0AF32D8516EB00A597DB /* CreateViewModel.swift in Sources */ = {isa = PBXBuildFile; fileRef = FA2A0AEF2D8516EB00A597DB /* CreateViewModel.swift */; };
		FA2A0AF62D85170500A597DB /* CreateView.swift in Sources */ = {isa = PBXBuildFile; fileRef = FA2A0AF52D85170500A597DB /* CreateView.swift */; };
		FA2A0AF82D85254200A597DB /* HabitToggle.swift in Sources */ = {isa = PBXBuildFile; fileRef = FA2A0AF72D85254200A597DB /* HabitToggle.swift */; };
		FA2A0AFA2D85256E00A597DB /* CalendarDialog.swift in Sources */ = {isa = PBXBuildFile; fileRef = FA2A0AF92D85256E00A597DB /* CalendarDialog.swift */; };
		FA2A0AFC2D85284100A597DB /* Calendar+Extension.swift in Sources */ = {isa = PBXBuildFile; fileRef = FA2A0AFB2D85284100A597DB /* Calendar+Extension.swift */; };
		FA2A0AFF2D85740C00A597DB /* CalendarViewModel.swift in Sources */ = {isa = PBXBuildFile; fileRef = FA2A0AFE2D85740C00A597DB /* CalendarViewModel.swift */; };
		FA2A0B012D859CD500A597DB /* SetPeriodDialog.swift in Sources */ = {isa = PBXBuildFile; fileRef = FA2A0B002D859CD500A597DB /* SetPeriodDialog.swift */; };
		FA2A0B042D859E2600A597DB /* TimeDialog.swift in Sources */ = {isa = PBXBuildFile; fileRef = FA2A0B032D859E2600A597DB /* TimeDialog.swift */; };
		FA2A0B062D85A01000A597DB /* Int+Extension.swift in Sources */ = {isa = PBXBuildFile; fileRef = FA2A0B052D85A01000A597DB /* Int+Extension.swift */; };
		FAABE50E2D8883CE00544254 /* AppCoordinator.swift in Sources */ = {isa = PBXBuildFile; fileRef = FAABE50D2D8883CD00544254 /* AppCoordinator.swift */; };
		FAABE5122D888C6400544254 /* SakuraExtension in Frameworks */ = {isa = PBXBuildFile; productRef = FAABE5112D888C6400544254 /* SakuraExtension */; };
		FAABE5192D89B0E000544254 /* WidgetKit.framework in Frameworks */ = {isa = PBXBuildFile; fileRef = FAABE5182D89B0E000544254 /* WidgetKit.framework */; };
		FAABE51B2D89B0E000544254 /* SwiftUI.framework in Frameworks */ = {isa = PBXBuildFile; fileRef = FAABE51A2D89B0E000544254 /* SwiftUI.framework */; };
		FAABE51E2D89B0E000544254 /* HabitWidgetBundle.swift in Sources */ = {isa = PBXBuildFile; fileRef = FAABE51D2D89B0E000544254 /* HabitWidgetBundle.swift */; };
		FAABE5202D89B0E000544254 /* HabitWidgetLiveActivity.swift in Sources */ = {isa = PBXBuildFile; fileRef = FAABE51F2D89B0E000544254 /* HabitWidgetLiveActivity.swift */; };
		FAABE5222D89B0E000544254 /* HabitWidget.swift in Sources */ = {isa = PBXBuildFile; fileRef = FAABE5212D89B0E000544254 /* HabitWidget.swift */; };
		FAABE5242D89B0E000544254 /* AppIntent.swift in Sources */ = {isa = PBXBuildFile; fileRef = FAABE5232D89B0E000544254 /* AppIntent.swift */; };
		FAABE5262D89B0E300544254 /* Assets.xcassets in Resources */ = {isa = PBXBuildFile; fileRef = FAABE5252D89B0E300544254 /* Assets.xcassets */; };
		FAABE52A2D89B0E300544254 /* HabitWidgetExtension.appex in Embed Foundation Extensions */ = {isa = PBXBuildFile; fileRef = FAABE5172D89B0E000544254 /* HabitWidgetExtension.appex */; settings = {ATTRIBUTES = (RemoveHeadersOnCopy, ); }; };
		FAABE52F2D89B45F00544254 /* Task.swift in Sources */ = {isa = PBXBuildFile; fileRef = FA03A0C92D830674004875F9 /* Task.swift */; };
		FAABE5312D89D89100544254 /* Habit.swift in Sources */ = {isa = PBXBuildFile; fileRef = FAABE5302D89D89100544254 /* Habit.swift */; };
		FAABE5332D89D9FB00544254 /* AppTheme.swift in Sources */ = {isa = PBXBuildFile; fileRef = FAABE5322D89D9FB00544254 /* AppTheme.swift */; };
/* End PBXBuildFile section */

/* Begin PBXContainerItemProxy section */
		FAABE5282D89B0E300544254 /* PBXContainerItemProxy */ = {
			isa = PBXContainerItemProxy;
			containerPortal = FA03A0132D81F83F004875F9 /* Project object */;
			proxyType = 1;
			remoteGlobalIDString = FAABE5162D89B0E000544254;
			remoteInfo = HabitWidgetExtension;
		};
/* End PBXContainerItemProxy section */

/* Begin PBXCopyFilesBuildPhase section */
		FAABE52E2D89B0E300544254 /* Embed Foundation Extensions */ = {
			isa = PBXCopyFilesBuildPhase;
			buildActionMask = 2147483647;
			dstPath = "";
			dstSubfolderSpec = 13;
			files = (
				FAABE52A2D89B0E300544254 /* HabitWidgetExtension.appex in Embed Foundation Extensions */,
			);
			name = "Embed Foundation Extensions";
			runOnlyForDeploymentPostprocessing = 0;
		};
/* End PBXCopyFilesBuildPhase section */

/* Begin PBXFileReference section */
		06D8F555F47B0B82B4DDFF30 /* Pods-Habitors.debug.xcconfig */ = {isa = PBXFileReference; includeInIndex = 1; lastKnownFileType = text.xcconfig; name = "Pods-Habitors.debug.xcconfig"; path = "Target Support Files/Pods-Habitors/Pods-Habitors.debug.xcconfig"; sourceTree = "<group>"; };
		0CDF5891CE71BFD804C379EF /* Pods-Habitors.release.xcconfig */ = {isa = PBXFileReference; includeInIndex = 1; lastKnownFileType = text.xcconfig; name = "Pods-Habitors.release.xcconfig"; path = "Target Support Files/Pods-Habitors/Pods-Habitors.release.xcconfig"; sourceTree = "<group>"; };
		241806702D82B19900E54E41 /* HomeCoordinator.swift */ = {isa = PBXFileReference; lastKnownFileType = sourcecode.swift; path = HomeCoordinator.swift; sourceTree = "<group>"; };
		241806712D82B19900E54E41 /* HomeViewController.swift */ = {isa = PBXFileReference; lastKnownFileType = sourcecode.swift; path = HomeViewController.swift; sourceTree = "<group>"; };
		241806722D82B19900E54E41 /* HomeViewModel.swift */ = {isa = PBXFileReference; lastKnownFileType = sourcecode.swift; path = HomeViewModel.swift; sourceTree = "<group>"; };
		EC7B1BE09FE7CF60A0E460AF /* Pods_Habitors.framework */ = {isa = PBXFileReference; explicitFileType = wrapper.framework; includeInIndex = 0; path = Pods_Habitors.framework; sourceTree = BUILT_PRODUCTS_DIR; };
		FA03A01B2D81F83F004875F9 /* Habitors.app */ = {isa = PBXFileReference; explicitFileType = wrapper.application; includeInIndex = 0; path = Habitors.app; sourceTree = BUILT_PRODUCTS_DIR; };
		FA03A01E2D81F83F004875F9 /* AppDelegate.swift */ = {isa = PBXFileReference; lastKnownFileType = sourcecode.swift; path = AppDelegate.swift; sourceTree = "<group>"; };
		FA03A0222D81F83F004875F9 /* ViewController.swift */ = {isa = PBXFileReference; lastKnownFileType = sourcecode.swift; path = ViewController.swift; sourceTree = "<group>"; };
		FA03A0252D81F83F004875F9 /* Base */ = {isa = PBXFileReference; lastKnownFileType = file.storyboard; name = Base; path = Base.lproj/Main.storyboard; sourceTree = "<group>"; };
		FA03A0272D81F844004875F9 /* Assets.xcassets */ = {isa = PBXFileReference; lastKnownFileType = folder.assetcatalog; path = Assets.xcassets; sourceTree = "<group>"; };
		FA03A02A2D81F844004875F9 /* Base */ = {isa = PBXFileReference; lastKnownFileType = file.storyboard; name = Base; path = Base.lproj/LaunchScreen.storyboard; sourceTree = "<group>"; };
		FA03A02C2D81F844004875F9 /* Info.plist */ = {isa = PBXFileReference; lastKnownFileType = text.plist.xml; path = Info.plist; sourceTree = "<group>"; };
		FA03A0342D81F916004875F9 /* SplashCoordinator.swift */ = {isa = PBXFileReference; lastKnownFileType = sourcecode.swift; path = SplashCoordinator.swift; sourceTree = "<group>"; };
		FA03A0352D81F916004875F9 /* SplashViewController.swift */ = {isa = PBXFileReference; lastKnownFileType = sourcecode.swift; path = SplashViewController.swift; sourceTree = "<group>"; };
		FA03A0362D81F916004875F9 /* SplashViewModel.swift */ = {isa = PBXFileReference; lastKnownFileType = sourcecode.swift; path = SplashViewModel.swift; sourceTree = "<group>"; };
		FA03A03C2D81F925004875F9 /* SplashView.swift */ = {isa = PBXFileReference; lastKnownFileType = sourcecode.swift; path = SplashView.swift; sourceTree = "<group>"; };
		FA03A03F2D81F970004875F9 /* BaseViewController.swift */ = {isa = PBXFileReference; fileEncoding = 4; lastKnownFileType = sourcecode.swift; path = BaseViewController.swift; sourceTree = "<group>"; };
		FA03A0412D81F975004875F9 /* BaseViewModel.swift */ = {isa = PBXFileReference; fileEncoding = 4; lastKnownFileType = sourcecode.swift; path = BaseViewModel.swift; sourceTree = "<group>"; };
		FA03A0432D81F979004875F9 /* Coordinator.swift */ = {isa = PBXFileReference; fileEncoding = 4; lastKnownFileType = sourcecode.swift; path = Coordinator.swift; sourceTree = "<group>"; };
		FA03A0462D81F9BC004875F9 /* UIView+Extension.swift */ = {isa = PBXFileReference; lastKnownFileType = sourcecode.swift; path = "UIView+Extension.swift"; sourceTree = "<group>"; };
		FA03A0752D81FCA9004875F9 /* Text+Extension.swift */ = {isa = PBXFileReference; lastKnownFileType = sourcecode.swift; path = "Text+Extension.swift"; sourceTree = "<group>"; };
		FA03A0782D8205EB004875F9 /* HomeView.swift */ = {isa = PBXFileReference; lastKnownFileType = sourcecode.swift; path = HomeView.swift; sourceTree = "<group>"; };
		FA03A0872D82073C004875F9 /* Gilroy-Bold.ttf */ = {isa = PBXFileReference; lastKnownFileType = file; path = "Gilroy-Bold.ttf"; sourceTree = "<group>"; };
		FA03A08F2D82073C004875F9 /* Gilroy-Medium.ttf */ = {isa = PBXFileReference; lastKnownFileType = file; path = "Gilroy-Medium.ttf"; sourceTree = "<group>"; };
		FA03A0912D82073C004875F9 /* Gilroy-Regular.ttf */ = {isa = PBXFileReference; lastKnownFileType = file; path = "Gilroy-Regular.ttf"; sourceTree = "<group>"; };
		FA03A0932D82073C004875F9 /* Gilroy-SemiBold.ttf */ = {isa = PBXFileReference; lastKnownFileType = file; path = "Gilroy-SemiBold.ttf"; sourceTree = "<group>"; };
		FA03A0C02D830362004875F9 /* DateView.swift */ = {isa = PBXFileReference; lastKnownFileType = sourcecode.swift; path = DateView.swift; sourceTree = "<group>"; };
		FA03A0C22D830435004875F9 /* Date+Extension.swift */ = {isa = PBXFileReference; lastKnownFileType = sourcecode.swift; path = "Date+Extension.swift"; sourceTree = "<group>"; };
		FA03A0C62D8304FE004875F9 /* SingleTaskView.swift */ = {isa = PBXFileReference; lastKnownFileType = sourcecode.swift; path = SingleTaskView.swift; sourceTree = "<group>"; };
		FA03A0C92D830674004875F9 /* Task.swift */ = {isa = PBXFileReference; lastKnownFileType = sourcecode.swift; path = Task.swift; sourceTree = "<group>"; };
		FA03A0CB2D831691004875F9 /* HomeActivityView.swift */ = {isa = PBXFileReference; lastKnownFileType = sourcecode.swift; path = HomeActivityView.swift; sourceTree = "<group>"; };
		FA03A0CD2D831C71004875F9 /* DashedLineView.swift */ = {isa = PBXFileReference; lastKnownFileType = sourcecode.swift; path = DashedLineView.swift; sourceTree = "<group>"; };
		FA03A0CF2D8472EC004875F9 /* HomeDiscoverView.swift */ = {isa = PBXFileReference; lastKnownFileType = sourcecode.swift; path = HomeDiscoverView.swift; sourceTree = "<group>"; };
		FA03A0D12D847566004875F9 /* HomeToolView.swift */ = {isa = PBXFileReference; lastKnownFileType = sourcecode.swift; path = HomeToolView.swift; sourceTree = "<group>"; };
		FA03A0D42D8486FB004875F9 /* Tool.swift */ = {isa = PBXFileReference; lastKnownFileType = sourcecode.swift; path = Tool.swift; sourceTree = "<group>"; };
		FA2A0AEA2D84A30400A597DB /* MusicToolDetailView.swift */ = {isa = PBXFileReference; lastKnownFileType = sourcecode.swift; path = MusicToolDetailView.swift; sourceTree = "<group>"; };
		FA2A0AED2D8516EB00A597DB /* CreateCoordinator.swift */ = {isa = PBXFileReference; lastKnownFileType = sourcecode.swift; path = CreateCoordinator.swift; sourceTree = "<group>"; };
		FA2A0AEE2D8516EB00A597DB /* CreateViewController.swift */ = {isa = PBXFileReference; lastKnownFileType = sourcecode.swift; path = CreateViewController.swift; sourceTree = "<group>"; };
		FA2A0AEF2D8516EB00A597DB /* CreateViewModel.swift */ = {isa = PBXFileReference; lastKnownFileType = sourcecode.swift; path = CreateViewModel.swift; sourceTree = "<group>"; };
		FA2A0AF52D85170500A597DB /* CreateView.swift */ = {isa = PBXFileReference; lastKnownFileType = sourcecode.swift; path = CreateView.swift; sourceTree = "<group>"; };
		FA2A0AF72D85254200A597DB /* HabitToggle.swift */ = {isa = PBXFileReference; lastKnownFileType = sourcecode.swift; path = HabitToggle.swift; sourceTree = "<group>"; };
		FA2A0AF92D85256E00A597DB /* CalendarDialog.swift */ = {isa = PBXFileReference; lastKnownFileType = sourcecode.swift; path = CalendarDialog.swift; sourceTree = "<group>"; };
		FA2A0AFB2D85284100A597DB /* Calendar+Extension.swift */ = {isa = PBXFileReference; lastKnownFileType = sourcecode.swift; path = "Calendar+Extension.swift"; sourceTree = "<group>"; };
		FA2A0AFE2D85740C00A597DB /* CalendarViewModel.swift */ = {isa = PBXFileReference; lastKnownFileType = sourcecode.swift; path = CalendarViewModel.swift; sourceTree = "<group>"; };
		FA2A0B002D859CD500A597DB /* SetPeriodDialog.swift */ = {isa = PBXFileReference; lastKnownFileType = sourcecode.swift; path = SetPeriodDialog.swift; sourceTree = "<group>"; };
		FA2A0B032D859E2600A597DB /* TimeDialog.swift */ = {isa = PBXFileReference; lastKnownFileType = sourcecode.swift; path = TimeDialog.swift; sourceTree = "<group>"; };
		FA2A0B052D85A01000A597DB /* Int+Extension.swift */ = {isa = PBXFileReference; lastKnownFileType = sourcecode.swift; path = "Int+Extension.swift"; sourceTree = "<group>"; };
		FAABE50D2D8883CD00544254 /* AppCoordinator.swift */ = {isa = PBXFileReference; fileEncoding = 4; lastKnownFileType = sourcecode.swift; path = AppCoordinator.swift; sourceTree = "<group>"; };
		FAABE5172D89B0E000544254 /* HabitWidgetExtension.appex */ = {isa = PBXFileReference; explicitFileType = "wrapper.app-extension"; includeInIndex = 0; path = HabitWidgetExtension.appex; sourceTree = BUILT_PRODUCTS_DIR; };
		FAABE5182D89B0E000544254 /* WidgetKit.framework */ = {isa = PBXFileReference; lastKnownFileType = wrapper.framework; name = WidgetKit.framework; path = System/Library/Frameworks/WidgetKit.framework; sourceTree = SDKROOT; };
		FAABE51A2D89B0E000544254 /* SwiftUI.framework */ = {isa = PBXFileReference; lastKnownFileType = wrapper.framework; name = SwiftUI.framework; path = System/Library/Frameworks/SwiftUI.framework; sourceTree = SDKROOT; };
		FAABE51D2D89B0E000544254 /* HabitWidgetBundle.swift */ = {isa = PBXFileReference; lastKnownFileType = sourcecode.swift; path = HabitWidgetBundle.swift; sourceTree = "<group>"; };
		FAABE51F2D89B0E000544254 /* HabitWidgetLiveActivity.swift */ = {isa = PBXFileReference; lastKnownFileType = sourcecode.swift; path = HabitWidgetLiveActivity.swift; sourceTree = "<group>"; };
		FAABE5212D89B0E000544254 /* HabitWidget.swift */ = {isa = PBXFileReference; lastKnownFileType = sourcecode.swift; path = HabitWidget.swift; sourceTree = "<group>"; };
		FAABE5232D89B0E000544254 /* AppIntent.swift */ = {isa = PBXFileReference; lastKnownFileType = sourcecode.swift; path = AppIntent.swift; sourceTree = "<group>"; };
		FAABE5252D89B0E300544254 /* Assets.xcassets */ = {isa = PBXFileReference; lastKnownFileType = folder.assetcatalog; path = Assets.xcassets; sourceTree = "<group>"; };
		FAABE5272D89B0E300544254 /* Info.plist */ = {isa = PBXFileReference; lastKnownFileType = text.plist.xml; path = Info.plist; sourceTree = "<group>"; };
		FAABE5302D89D89100544254 /* Habit.swift */ = {isa = PBXFileReference; lastKnownFileType = sourcecode.swift; path = Habit.swift; sourceTree = "<group>"; };
		FAABE5322D89D9FB00544254 /* AppTheme.swift */ = {isa = PBXFileReference; lastKnownFileType = sourcecode.swift; path = AppTheme.swift; sourceTree = "<group>"; };
/* End PBXFileReference section */

/* Begin PBXFrameworksBuildPhase section */
		FA03A0182D81F83F004875F9 /* Frameworks */ = {
			isa = PBXFrameworksBuildPhase;
			buildActionMask = 2147483647;
			files = (
				23312E1699B2096F7EA3DAD6 /* Pods_Habitors.framework in Frameworks */,
				FAABE5122D888C6400544254 /* SakuraExtension in Frameworks */,
			);
			runOnlyForDeploymentPostprocessing = 0;
		};
		FAABE5142D89B0E000544254 /* Frameworks */ = {
			isa = PBXFrameworksBuildPhase;
			buildActionMask = 2147483647;
			files = (
				FAABE51B2D89B0E000544254 /* SwiftUI.framework in Frameworks */,
				FAABE5192D89B0E000544254 /* WidgetKit.framework in Frameworks */,
			);
			runOnlyForDeploymentPostprocessing = 0;
		};
/* End PBXFrameworksBuildPhase section */

/* Begin PBXGroup section */
		1D6C327FB0C0DD1A02024FED /* Pods */ = {
			isa = PBXGroup;
			children = (
				06D8F555F47B0B82B4DDFF30 /* Pods-Habitors.debug.xcconfig */,
				0CDF5891CE71BFD804C379EF /* Pods-Habitors.release.xcconfig */,
			);
			path = Pods;
			sourceTree = "<group>";
		};
		C769EF5CB3D0651AAB002413 /* Frameworks */ = {
			isa = PBXGroup;
			children = (
				EC7B1BE09FE7CF60A0E460AF /* Pods_Habitors.framework */,
				FAABE5182D89B0E000544254 /* WidgetKit.framework */,
				FAABE51A2D89B0E000544254 /* SwiftUI.framework */,
			);
			name = Frameworks;
			sourceTree = "<group>";
		};
		FA03A0122D81F83F004875F9 = {
			isa = PBXGroup;
			children = (
				FA03A01D2D81F83F004875F9 /* Habitors */,
				FAABE51C2D89B0E000544254 /* HabitWidget */,
				FA03A01C2D81F83F004875F9 /* Products */,
				1D6C327FB0C0DD1A02024FED /* Pods */,
				C769EF5CB3D0651AAB002413 /* Frameworks */,
			);
			sourceTree = "<group>";
		};
		FA03A01C2D81F83F004875F9 /* Products */ = {
			isa = PBXGroup;
			children = (
				FA03A01B2D81F83F004875F9 /* Habitors.app */,
				FAABE5172D89B0E000544254 /* HabitWidgetExtension.appex */,
			);
			name = Products;
			sourceTree = "<group>";
		};
		FA03A01D2D81F83F004875F9 /* Habitors */ = {
			isa = PBXGroup;
			children = (
				FA03A0C82D83066B004875F9 /* Model */,
				FA03A0BF2D830358004875F9 /* Custom */,
				FA03A0482D81FBC7004875F9 /* Resources */,
				FA03A0452D81F99F004875F9 /* Extension */,
				FA03A0322D81F905004875F9 /* Screen */,
				FA03A01E2D81F83F004875F9 /* AppDelegate.swift */,
				FA03A0222D81F83F004875F9 /* ViewController.swift */,
				FA03A0242D81F83F004875F9 /* Main.storyboard */,
				FA03A0272D81F844004875F9 /* Assets.xcassets */,
				FA03A0292D81F844004875F9 /* LaunchScreen.storyboard */,
				FA03A02C2D81F844004875F9 /* Info.plist */,
			);
			path = Habitors;
			sourceTree = "<group>";
		};
		FA03A0322D81F905004875F9 /* Screen */ = {
			isa = PBXGroup;
			children = (
				FAABE50D2D8883CD00544254 /* AppCoordinator.swift */,
				FA2A0AEC2D8516D400A597DB /* Create */,
				FA2A0AE92D84A2F200A597DB /* Tool */,
				FA03A0772D8205DF004875F9 /* Home */,
				FA03A03E2D81F965004875F9 /* Core */,
				FA03A0332D81F90C004875F9 /* Splash */,
			);
			path = Screen;
			sourceTree = "<group>";
		};
		FA03A0332D81F90C004875F9 /* Splash */ = {
			isa = PBXGroup;
			children = (
				FA03A0342D81F916004875F9 /* SplashCoordinator.swift */,
				FA03A0352D81F916004875F9 /* SplashViewController.swift */,
				FA03A0362D81F916004875F9 /* SplashViewModel.swift */,
				FA03A03C2D81F925004875F9 /* SplashView.swift */,
			);
			path = Splash;
			sourceTree = "<group>";
		};
		FA03A03E2D81F965004875F9 /* Core */ = {
			isa = PBXGroup;
			children = (
				FA03A0432D81F979004875F9 /* Coordinator.swift */,
				FA03A0412D81F975004875F9 /* BaseViewModel.swift */,
				FA03A03F2D81F970004875F9 /* BaseViewController.swift */,
			);
			path = Core;
			sourceTree = "<group>";
		};
		FA03A0452D81F99F004875F9 /* Extension */ = {
			isa = PBXGroup;
			children = (
				FA03A0462D81F9BC004875F9 /* UIView+Extension.swift */,
				FA03A0752D81FCA9004875F9 /* Text+Extension.swift */,
				FA03A0C22D830435004875F9 /* Date+Extension.swift */,
				FA2A0AFB2D85284100A597DB /* Calendar+Extension.swift */,
				FA2A0B052D85A01000A597DB /* Int+Extension.swift */,
			);
			path = Extension;
			sourceTree = "<group>";
		};
		FA03A0482D81FBC7004875F9 /* Resources */ = {
			isa = PBXGroup;
			children = (
				FA03A0492D81FBCC004875F9 /* Font */,
			);
			name = Resources;
			path = Habitors/Resources;
			sourceTree = SOURCE_ROOT;
		};
		FA03A0492D81FBCC004875F9 /* Font */ = {
			isa = PBXGroup;
			children = (
				FA03A09C2D82073C004875F9 /* gilroy */,
			);
			path = Font;
			sourceTree = "<group>";
		};
		FA03A0772D8205DF004875F9 /* Home */ = {
			isa = PBXGroup;
			children = (
				FA03A0D32D8475BA004875F9 /* View */,
				241806702D82B19900E54E41 /* HomeCoordinator.swift */,
				241806712D82B19900E54E41 /* HomeViewController.swift */,
				241806722D82B19900E54E41 /* HomeViewModel.swift */,
			);
			path = Home;
			sourceTree = "<group>";
		};
		FA03A09C2D82073C004875F9 /* gilroy */ = {
			isa = PBXGroup;
			children = (
				FA03A0872D82073C004875F9 /* Gilroy-Bold.ttf */,
				FA03A08F2D82073C004875F9 /* Gilroy-Medium.ttf */,
				FA03A0912D82073C004875F9 /* Gilroy-Regular.ttf */,
				FA03A0932D82073C004875F9 /* Gilroy-SemiBold.ttf */,
			);
			path = gilroy;
			sourceTree = "<group>";
		};
		FA03A0BF2D830358004875F9 /* Custom */ = {
			isa = PBXGroup;
			children = (
				FA2A0B022D859E1A00A597DB /* Time */,
				FA2A0AFD2D8573AF00A597DB /* Calendar */,
				FA03A0C02D830362004875F9 /* DateView.swift */,
				FA03A0C62D8304FE004875F9 /* SingleTaskView.swift */,
				FA03A0CD2D831C71004875F9 /* DashedLineView.swift */,
				FA2A0AF72D85254200A597DB /* HabitToggle.swift */,
				FA2A0B002D859CD500A597DB /* SetPeriodDialog.swift */,
			);
			path = Custom;
			sourceTree = "<group>";
		};
		FA03A0C82D83066B004875F9 /* Model */ = {
			isa = PBXGroup;
			children = (
				FA03A0C92D830674004875F9 /* Task.swift */,
				FA03A0D42D8486FB004875F9 /* Tool.swift */,
				FAABE5302D89D89100544254 /* Habit.swift */,
				FAABE5322D89D9FB00544254 /* AppTheme.swift */,
			);
			path = Model;
			sourceTree = "<group>";
		};
		FA03A0D32D8475BA004875F9 /* View */ = {
			isa = PBXGroup;
			children = (
				FA03A0CF2D8472EC004875F9 /* HomeDiscoverView.swift */,
				FA03A0CB2D831691004875F9 /* HomeActivityView.swift */,
				FA03A0782D8205EB004875F9 /* HomeView.swift */,
			);
			path = View;
			sourceTree = "<group>";
		};
		FA2A0AE92D84A2F200A597DB /* Tool */ = {
			isa = PBXGroup;
			children = (
				FA03A0D12D847566004875F9 /* HomeToolView.swift */,
				FA2A0AEA2D84A30400A597DB /* MusicToolDetailView.swift */,
			);
			path = Tool;
			sourceTree = "<group>";
		};
		FA2A0AEC2D8516D400A597DB /* Create */ = {
			isa = PBXGroup;
			children = (
				FA2A0AED2D8516EB00A597DB /* CreateCoordinator.swift */,
				FA2A0AEE2D8516EB00A597DB /* CreateViewController.swift */,
				FA2A0AEF2D8516EB00A597DB /* CreateViewModel.swift */,
				FA2A0AF52D85170500A597DB /* CreateView.swift */,
			);
			path = Create;
			sourceTree = "<group>";
		};
		FA2A0AFD2D8573AF00A597DB /* Calendar */ = {
			isa = PBXGroup;
			children = (
				FA2A0AF92D85256E00A597DB /* CalendarDialog.swift */,
				FA2A0AFE2D85740C00A597DB /* CalendarViewModel.swift */,
			);
			path = Calendar;
			sourceTree = "<group>";
		};
		FA2A0B022D859E1A00A597DB /* Time */ = {
			isa = PBXGroup;
			children = (
				FA2A0B032D859E2600A597DB /* TimeDialog.swift */,
			);
			path = Time;
			sourceTree = "<group>";
		};
		FAABE51C2D89B0E000544254 /* HabitWidget */ = {
			isa = PBXGroup;
			children = (
				FAABE51D2D89B0E000544254 /* HabitWidgetBundle.swift */,
				FAABE51F2D89B0E000544254 /* HabitWidgetLiveActivity.swift */,
				FAABE5212D89B0E000544254 /* HabitWidget.swift */,
				FAABE5232D89B0E000544254 /* AppIntent.swift */,
				FAABE5252D89B0E300544254 /* Assets.xcassets */,
				FAABE5272D89B0E300544254 /* Info.plist */,
			);
			path = HabitWidget;
			sourceTree = "<group>";
		};
/* End PBXGroup section */

/* Begin PBXNativeTarget section */
		FA03A01A2D81F83F004875F9 /* Habitors */ = {
			isa = PBXNativeTarget;
			buildConfigurationList = FA03A02F2D81F844004875F9 /* Build configuration list for PBXNativeTarget "Habitors" */;
			buildPhases = (
				78A7FC5DF954C16F24D52360 /* [CP] Check Pods Manifest.lock */,
				FA03A0172D81F83F004875F9 /* Sources */,
				FA03A0182D81F83F004875F9 /* Frameworks */,
				FA03A0192D81F83F004875F9 /* Resources */,
				BAEBE67ACB25C89959A792EA /* [CP] Embed Pods Frameworks */,
				FAABE52E2D89B0E300544254 /* Embed Foundation Extensions */,
			);
			buildRules = (
			);
			dependencies = (
				FAABE5292D89B0E300544254 /* PBXTargetDependency */,
			);
			name = Habitors;
			packageProductDependencies = (
				FAABE5112D888C6400544254 /* SakuraExtension */,
			);
			productName = Habitors;
			productReference = FA03A01B2D81F83F004875F9 /* Habitors.app */;
			productType = "com.apple.product-type.application";
		};
		FAABE5162D89B0E000544254 /* HabitWidgetExtension */ = {
			isa = PBXNativeTarget;
			buildConfigurationList = FAABE52B2D89B0E300544254 /* Build configuration list for PBXNativeTarget "HabitWidgetExtension" */;
			buildPhases = (
				FAABE5132D89B0E000544254 /* Sources */,
				FAABE5142D89B0E000544254 /* Frameworks */,
				FAABE5152D89B0E000544254 /* Resources */,
			);
			buildRules = (
			);
			dependencies = (
			);
			name = HabitWidgetExtension;
			productName = HabitWidgetExtension;
			productReference = FAABE5172D89B0E000544254 /* HabitWidgetExtension.appex */;
			productType = "com.apple.product-type.app-extension";
		};
/* End PBXNativeTarget section */

/* Begin PBXProject section */
		FA03A0132D81F83F004875F9 /* Project object */ = {
			isa = PBXProject;
			attributes = {
				BuildIndependentTargetsInParallel = 1;
				LastSwiftUpdateCheck = 1540;
				LastUpgradeCheck = 1540;
				TargetAttributes = {
					FA03A01A2D81F83F004875F9 = {
						CreatedOnToolsVersion = 15.4;
					};
					FAABE5162D89B0E000544254 = {
						CreatedOnToolsVersion = 15.4;
					};
				};
			};
			buildConfigurationList = FA03A0162D81F83F004875F9 /* Build configuration list for PBXProject "Habitors" */;
			compatibilityVersion = "Xcode 14.0";
			developmentRegion = en;
			hasScannedForEncodings = 0;
			knownRegions = (
				en,
				Base,
			);
			mainGroup = FA03A0122D81F83F004875F9;
			packageReferences = (
				FAABE5102D888C6400544254 /* XCRemoteSwiftPackageReference "SakuraExtension" */,
			);
			productRefGroup = FA03A01C2D81F83F004875F9 /* Products */;
			projectDirPath = "";
			projectRoot = "";
			targets = (
				FA03A01A2D81F83F004875F9 /* Habitors */,
				FAABE5162D89B0E000544254 /* HabitWidgetExtension */,
			);
		};
/* End PBXProject section */

/* Begin PBXResourcesBuildPhase section */
		FA03A0192D81F83F004875F9 /* Resources */ = {
			isa = PBXResourcesBuildPhase;
			buildActionMask = 2147483647;
			files = (
				FA03A0282D81F844004875F9 /* Assets.xcassets in Resources */,
				FA03A0AA2D82073D004875F9 /* Gilroy-Bold.ttf in Resources */,
				FA03A02B2D81F844004875F9 /* Base in Resources */,
				FA03A0B62D82073D004875F9 /* Gilroy-SemiBold.ttf in Resources */,
				FA03A0B42D82073D004875F9 /* Gilroy-Regular.ttf in Resources */,
				FA03A0B22D82073D004875F9 /* Gilroy-Medium.ttf in Resources */,
				FA03A0262D81F83F004875F9 /* Base in Resources */,
			);
			runOnlyForDeploymentPostprocessing = 0;
		};
		FAABE5152D89B0E000544254 /* Resources */ = {
			isa = PBXResourcesBuildPhase;
			buildActionMask = 2147483647;
			files = (
				FAABE5262D89B0E300544254 /* Assets.xcassets in Resources */,
			);
			runOnlyForDeploymentPostprocessing = 0;
		};
/* End PBXResourcesBuildPhase section */

/* Begin PBXShellScriptBuildPhase section */
		78A7FC5DF954C16F24D52360 /* [CP] Check Pods Manifest.lock */ = {
			isa = PBXShellScriptBuildPhase;
			buildActionMask = 2147483647;
			files = (
			);
			inputFileListPaths = (
			);
			inputPaths = (
				"${PODS_PODFILE_DIR_PATH}/Podfile.lock",
				"${PODS_ROOT}/Manifest.lock",
			);
			name = "[CP] Check Pods Manifest.lock";
			outputFileListPaths = (
			);
			outputPaths = (
				"$(DERIVED_FILE_DIR)/Pods-Habitors-checkManifestLockResult.txt",
			);
			runOnlyForDeploymentPostprocessing = 0;
			shellPath = /bin/sh;
			shellScript = "diff \"${PODS_PODFILE_DIR_PATH}/Podfile.lock\" \"${PODS_ROOT}/Manifest.lock\" > /dev/null\nif [ $? != 0 ] ; then\n    # print error to STDERR\n    echo \"error: The sandbox is not in sync with the Podfile.lock. Run 'pod install' or update your CocoaPods installation.\" >&2\n    exit 1\nfi\n# This output is used by Xcode 'outputs' to avoid re-running this script phase.\necho \"SUCCESS\" > \"${SCRIPT_OUTPUT_FILE_0}\"\n";
			showEnvVarsInLog = 0;
		};
		BAEBE67ACB25C89959A792EA /* [CP] Embed Pods Frameworks */ = {
			isa = PBXShellScriptBuildPhase;
			buildActionMask = 2147483647;
			files = (
			);
			inputFileListPaths = (
				"${PODS_ROOT}/Target Support Files/Pods-Habitors/Pods-Habitors-frameworks-${CONFIGURATION}-input-files.xcfilelist",
			);
			name = "[CP] Embed Pods Frameworks";
			outputFileListPaths = (
				"${PODS_ROOT}/Target Support Files/Pods-Habitors/Pods-Habitors-frameworks-${CONFIGURATION}-output-files.xcfilelist",
			);
			runOnlyForDeploymentPostprocessing = 0;
			shellPath = /bin/sh;
			shellScript = "\"${PODS_ROOT}/Target Support Files/Pods-Habitors/Pods-Habitors-frameworks.sh\"\n";
			showEnvVarsInLog = 0;
		};
/* End PBXShellScriptBuildPhase section */

/* Begin PBXSourcesBuildPhase section */
		FA03A0172D81F83F004875F9 /* Sources */ = {
			isa = PBXSourcesBuildPhase;
			buildActionMask = 2147483647;
			files = (
				FA2A0B042D859E2600A597DB /* TimeDialog.swift in Sources */,
				FAABE50E2D8883CE00544254 /* AppCoordinator.swift in Sources */,
				FA2A0AF82D85254200A597DB /* HabitToggle.swift in Sources */,
				FAABE5332D89D9FB00544254 /* AppTheme.swift in Sources */,
				FA03A0232D81F83F004875F9 /* ViewController.swift in Sources */,
				FA2A0AEB2D84A30400A597DB /* MusicToolDetailView.swift in Sources */,
				FA03A0392D81F916004875F9 /* SplashCoordinator.swift in Sources */,
				FA2A0AFA2D85256E00A597DB /* CalendarDialog.swift in Sources */,
				FA03A0C12D830362004875F9 /* DateView.swift in Sources */,
				FA2A0AF12D8516EB00A597DB /* CreateCoordinator.swift in Sources */,
				FA2A0AF22D8516EB00A597DB /* CreateViewController.swift in Sources */,
				FA2A0AF32D8516EB00A597DB /* CreateViewModel.swift in Sources */,
				FA2A0AFF2D85740C00A597DB /* CalendarViewModel.swift in Sources */,
				FA03A0D52D8486FC004875F9 /* Tool.swift in Sources */,
				FA03A03A2D81F916004875F9 /* SplashViewController.swift in Sources */,
				FA03A03B2D81F916004875F9 /* SplashViewModel.swift in Sources */,
				FA03A01F2D81F83F004875F9 /* AppDelegate.swift in Sources */,
				FA03A0CC2D831691004875F9 /* HomeActivityView.swift in Sources */,
				FA03A0422D81F975004875F9 /* BaseViewModel.swift in Sources */,
				FA03A0CA2D830674004875F9 /* Task.swift in Sources */,
				FA03A0402D81F970004875F9 /* BaseViewController.swift in Sources */,
				FA2A0AF62D85170500A597DB /* CreateView.swift in Sources */,
				FA03A0762D81FCA9004875F9 /* Text+Extension.swift in Sources */,
				FA2A0B062D85A01000A597DB /* Int+Extension.swift in Sources */,
				FA03A0C32D830435004875F9 /* Date+Extension.swift in Sources */,
				241806742D82B19900E54E41 /* HomeCoordinator.swift in Sources */,
				FA2A0AFC2D85284100A597DB /* Calendar+Extension.swift in Sources */,
				FAABE5312D89D89100544254 /* Habit.swift in Sources */,
				241806752D82B19900E54E41 /* HomeViewController.swift in Sources */,
				241806762D82B19900E54E41 /* HomeViewModel.swift in Sources */,
				FA03A03D2D81F925004875F9 /* SplashView.swift in Sources */,
				FA03A0D02D8472EC004875F9 /* HomeDiscoverView.swift in Sources */,
				FA2A0B012D859CD500A597DB /* SetPeriodDialog.swift in Sources */,
				FA03A0792D8205EB004875F9 /* HomeView.swift in Sources */,
				FA03A0D22D847566004875F9 /* HomeToolView.swift in Sources */,
				FA03A0C72D8304FE004875F9 /* SingleTaskView.swift in Sources */,
				FA03A0CE2D831C71004875F9 /* DashedLineView.swift in Sources */,
				FA03A0472D81F9BC004875F9 /* UIView+Extension.swift in Sources */,
				FA03A0442D81F979004875F9 /* Coordinator.swift in Sources */,
			);
			runOnlyForDeploymentPostprocessing = 0;
		};
		FAABE5132D89B0E000544254 /* Sources */ = {
			isa = PBXSourcesBuildPhase;
			buildActionMask = 2147483647;
			files = (
				FAABE51E2D89B0E000544254 /* HabitWidgetBundle.swift in Sources */,
				FAABE5242D89B0E000544254 /* AppIntent.swift in Sources */,
				FAABE52F2D89B45F00544254 /* Task.swift in Sources */,
				FAABE5202D89B0E000544254 /* HabitWidgetLiveActivity.swift in Sources */,
				FAABE5222D89B0E000544254 /* HabitWidget.swift in Sources */,
			);
			runOnlyForDeploymentPostprocessing = 0;
		};
/* End PBXSourcesBuildPhase section */

/* Begin PBXTargetDependency section */
		FAABE5292D89B0E300544254 /* PBXTargetDependency */ = {
			isa = PBXTargetDependency;
			target = FAABE5162D89B0E000544254 /* HabitWidgetExtension */;
			targetProxy = FAABE5282D89B0E300544254 /* PBXContainerItemProxy */;
		};
/* End PBXTargetDependency section */

/* Begin PBXVariantGroup section */
		FA03A0242D81F83F004875F9 /* Main.storyboard */ = {
			isa = PBXVariantGroup;
			children = (
				FA03A0252D81F83F004875F9 /* Base */,
			);
			name = Main.storyboard;
			sourceTree = "<group>";
		};
		FA03A0292D81F844004875F9 /* LaunchScreen.storyboard */ = {
			isa = PBXVariantGroup;
			children = (
				FA03A02A2D81F844004875F9 /* Base */,
			);
			name = LaunchScreen.storyboard;
			sourceTree = "<group>";
		};
/* End PBXVariantGroup section */

/* Begin XCBuildConfiguration section */
		FA03A02D2D81F844004875F9 /* Debug */ = {
			isa = XCBuildConfiguration;
			buildSettings = {
				ALWAYS_SEARCH_USER_PATHS = NO;
				ASSETCATALOG_COMPILER_GENERATE_SWIFT_ASSET_SYMBOL_EXTENSIONS = YES;
				CLANG_ANALYZER_NONNULL = YES;
				CLANG_ANALYZER_NUMBER_OBJECT_CONVERSION = YES_AGGRESSIVE;
				CLANG_CXX_LANGUAGE_STANDARD = "gnu++20";
				CLANG_ENABLE_MODULES = YES;
				CLANG_ENABLE_OBJC_ARC = YES;
				CLANG_ENABLE_OBJC_WEAK = YES;
				CLANG_WARN_BLOCK_CAPTURE_AUTORELEASING = YES;
				CLANG_WARN_BOOL_CONVERSION = YES;
				CLANG_WARN_COMMA = YES;
				CLANG_WARN_CONSTANT_CONVERSION = YES;
				CLANG_WARN_DEPRECATED_OBJC_IMPLEMENTATIONS = YES;
				CLANG_WARN_DIRECT_OBJC_ISA_USAGE = YES_ERROR;
				CLANG_WARN_DOCUMENTATION_COMMENTS = YES;
				CLANG_WARN_EMPTY_BODY = YES;
				CLANG_WARN_ENUM_CONVERSION = YES;
				CLANG_WARN_INFINITE_RECURSION = YES;
				CLANG_WARN_INT_CONVERSION = YES;
				CLANG_WARN_NON_LITERAL_NULL_CONVERSION = YES;
				CLANG_WARN_OBJC_IMPLICIT_RETAIN_SELF = YES;
				CLANG_WARN_OBJC_LITERAL_CONVERSION = YES;
				CLANG_WARN_OBJC_ROOT_CLASS = YES_ERROR;
				CLANG_WARN_QUOTED_INCLUDE_IN_FRAMEWORK_HEADER = YES;
				CLANG_WARN_RANGE_LOOP_ANALYSIS = YES;
				CLANG_WARN_STRICT_PROTOTYPES = YES;
				CLANG_WARN_SUSPICIOUS_MOVE = YES;
				CLANG_WARN_UNGUARDED_AVAILABILITY = YES_AGGRESSIVE;
				CLANG_WARN_UNREACHABLE_CODE = YES;
				CLANG_WARN__DUPLICATE_METHOD_MATCH = YES;
				COPY_PHASE_STRIP = NO;
				DEBUG_INFORMATION_FORMAT = dwarf;
				ENABLE_STRICT_OBJC_MSGSEND = YES;
				ENABLE_TESTABILITY = YES;
				ENABLE_USER_SCRIPT_SANDBOXING = YES;
				GCC_C_LANGUAGE_STANDARD = gnu17;
				GCC_DYNAMIC_NO_PIC = NO;
				GCC_NO_COMMON_BLOCKS = YES;
				GCC_OPTIMIZATION_LEVEL = 0;
				GCC_PREPROCESSOR_DEFINITIONS = (
					"DEBUG=1",
					"$(inherited)",
				);
				GCC_WARN_64_TO_32_BIT_CONVERSION = YES;
				GCC_WARN_ABOUT_RETURN_TYPE = YES_ERROR;
				GCC_WARN_UNDECLARED_SELECTOR = YES;
				GCC_WARN_UNINITIALIZED_AUTOS = YES_AGGRESSIVE;
				GCC_WARN_UNUSED_FUNCTION = YES;
				GCC_WARN_UNUSED_VARIABLE = YES;
				IPHONEOS_DEPLOYMENT_TARGET = 17.5;
				LOCALIZATION_PREFERS_STRING_CATALOGS = YES;
				MTL_ENABLE_DEBUG_INFO = INCLUDE_SOURCE;
				MTL_FAST_MATH = YES;
				ONLY_ACTIVE_ARCH = YES;
				SDKROOT = iphoneos;
				SWIFT_ACTIVE_COMPILATION_CONDITIONS = "DEBUG $(inherited)";
				SWIFT_OPTIMIZATION_LEVEL = "-Onone";
			};
			name = Debug;
		};
		FA03A02E2D81F844004875F9 /* Release */ = {
			isa = XCBuildConfiguration;
			buildSettings = {
				ALWAYS_SEARCH_USER_PATHS = NO;
				ASSETCATALOG_COMPILER_GENERATE_SWIFT_ASSET_SYMBOL_EXTENSIONS = YES;
				CLANG_ANALYZER_NONNULL = YES;
				CLANG_ANALYZER_NUMBER_OBJECT_CONVERSION = YES_AGGRESSIVE;
				CLANG_CXX_LANGUAGE_STANDARD = "gnu++20";
				CLANG_ENABLE_MODULES = YES;
				CLANG_ENABLE_OBJC_ARC = YES;
				CLANG_ENABLE_OBJC_WEAK = YES;
				CLANG_WARN_BLOCK_CAPTURE_AUTORELEASING = YES;
				CLANG_WARN_BOOL_CONVERSION = YES;
				CLANG_WARN_COMMA = YES;
				CLANG_WARN_CONSTANT_CONVERSION = YES;
				CLANG_WARN_DEPRECATED_OBJC_IMPLEMENTATIONS = YES;
				CLANG_WARN_DIRECT_OBJC_ISA_USAGE = YES_ERROR;
				CLANG_WARN_DOCUMENTATION_COMMENTS = YES;
				CLANG_WARN_EMPTY_BODY = YES;
				CLANG_WARN_ENUM_CONVERSION = YES;
				CLANG_WARN_INFINITE_RECURSION = YES;
				CLANG_WARN_INT_CONVERSION = YES;
				CLANG_WARN_NON_LITERAL_NULL_CONVERSION = YES;
				CLANG_WARN_OBJC_IMPLICIT_RETAIN_SELF = YES;
				CLANG_WARN_OBJC_LITERAL_CONVERSION = YES;
				CLANG_WARN_OBJC_ROOT_CLASS = YES_ERROR;
				CLANG_WARN_QUOTED_INCLUDE_IN_FRAMEWORK_HEADER = YES;
				CLANG_WARN_RANGE_LOOP_ANALYSIS = YES;
				CLANG_WARN_STRICT_PROTOTYPES = YES;
				CLANG_WARN_SUSPICIOUS_MOVE = YES;
				CLANG_WARN_UNGUARDED_AVAILABILITY = YES_AGGRESSIVE;
				CLANG_WARN_UNREACHABLE_CODE = YES;
				CLANG_WARN__DUPLICATE_METHOD_MATCH = YES;
				COPY_PHASE_STRIP = NO;
				DEBUG_INFORMATION_FORMAT = "dwarf-with-dsym";
				ENABLE_NS_ASSERTIONS = NO;
				ENABLE_STRICT_OBJC_MSGSEND = YES;
				ENABLE_USER_SCRIPT_SANDBOXING = YES;
				GCC_C_LANGUAGE_STANDARD = gnu17;
				GCC_NO_COMMON_BLOCKS = YES;
				GCC_WARN_64_TO_32_BIT_CONVERSION = YES;
				GCC_WARN_ABOUT_RETURN_TYPE = YES_ERROR;
				GCC_WARN_UNDECLARED_SELECTOR = YES;
				GCC_WARN_UNINITIALIZED_AUTOS = YES_AGGRESSIVE;
				GCC_WARN_UNUSED_FUNCTION = YES;
				GCC_WARN_UNUSED_VARIABLE = YES;
				IPHONEOS_DEPLOYMENT_TARGET = 17.5;
				LOCALIZATION_PREFERS_STRING_CATALOGS = YES;
				MTL_ENABLE_DEBUG_INFO = NO;
				MTL_FAST_MATH = YES;
				SDKROOT = iphoneos;
				SWIFT_COMPILATION_MODE = wholemodule;
				VALIDATE_PRODUCT = YES;
			};
			name = Release;
		};
		FA03A0302D81F844004875F9 /* Debug */ = {
			isa = XCBuildConfiguration;
			baseConfigurationReference = 06D8F555F47B0B82B4DDFF30 /* Pods-Habitors.debug.xcconfig */;
			buildSettings = {
				ALWAYS_EMBED_SWIFT_STANDARD_LIBRARIES = YES;
				ASSETCATALOG_COMPILER_APPICON_NAME = AppIcon;
				ASSETCATALOG_COMPILER_GLOBAL_ACCENT_COLOR_NAME = AccentColor;
				CODE_SIGN_STYLE = Automatic;
				CURRENT_PROJECT_VERSION = 1;
				DEVELOPMENT_TEAM = NS9ZL6QW8L;
				ENABLE_USER_SCRIPT_SANDBOXING = NO;
				GENERATE_INFOPLIST_FILE = YES;
				INFOPLIST_FILE = Habitors/Info.plist;
				INFOPLIST_KEY_UIApplicationSupportsIndirectInputEvents = YES;
				INFOPLIST_KEY_UILaunchStoryboardName = "";
				INFOPLIST_KEY_UIMainStoryboardFile = "";
				INFOPLIST_KEY_UISupportedInterfaceOrientations = UIInterfaceOrientationPortrait;
				INFOPLIST_KEY_UISupportedInterfaceOrientations_iPad = "UIInterfaceOrientationLandscapeLeft UIInterfaceOrientationLandscapeRight UIInterfaceOrientationPortrait UIInterfaceOrientationPortraitUpsideDown";
				IPHONEOS_DEPLOYMENT_TARGET = 15.0;
				LD_RUNPATH_SEARCH_PATHS = (
					"$(inherited)",
					"@executable_path/Frameworks",
				);
				MARKETING_VERSION = 1.0;
				PRODUCT_BUNDLE_IDENTIFIER = com.thanh.Habitors;
				PRODUCT_NAME = "$(TARGET_NAME)";
				SUPPORTED_PLATFORMS = "iphoneos iphonesimulator";
				SUPPORTS_MACCATALYST = NO;
				SUPPORTS_MAC_DESIGNED_FOR_IPHONE_IPAD = NO;
				SUPPORTS_XR_DESIGNED_FOR_IPHONE_IPAD = NO;
				SWIFT_EMIT_LOC_STRINGS = YES;
				SWIFT_VERSION = 5.0;
				TARGETED_DEVICE_FAMILY = 1;
			};
			name = Debug;
		};
		FA03A0312D81F844004875F9 /* Release */ = {
			isa = XCBuildConfiguration;
			baseConfigurationReference = 0CDF5891CE71BFD804C379EF /* Pods-Habitors.release.xcconfig */;
			buildSettings = {
				ALWAYS_EMBED_SWIFT_STANDARD_LIBRARIES = YES;
				ASSETCATALOG_COMPILER_APPICON_NAME = AppIcon;
				ASSETCATALOG_COMPILER_GLOBAL_ACCENT_COLOR_NAME = AccentColor;
				CODE_SIGN_STYLE = Automatic;
				CURRENT_PROJECT_VERSION = 1;
				DEVELOPMENT_TEAM = NS9ZL6QW8L;
				ENABLE_USER_SCRIPT_SANDBOXING = NO;
				GENERATE_INFOPLIST_FILE = YES;
				INFOPLIST_FILE = Habitors/Info.plist;
				INFOPLIST_KEY_UIApplicationSupportsIndirectInputEvents = YES;
				INFOPLIST_KEY_UILaunchStoryboardName = "";
				INFOPLIST_KEY_UIMainStoryboardFile = "";
				INFOPLIST_KEY_UISupportedInterfaceOrientations = UIInterfaceOrientationPortrait;
				INFOPLIST_KEY_UISupportedInterfaceOrientations_iPad = "UIInterfaceOrientationLandscapeLeft UIInterfaceOrientationLandscapeRight UIInterfaceOrientationPortrait UIInterfaceOrientationPortraitUpsideDown";
				IPHONEOS_DEPLOYMENT_TARGET = 15.0;
				LD_RUNPATH_SEARCH_PATHS = (
					"$(inherited)",
					"@executable_path/Frameworks",
				);
				MARKETING_VERSION = 1.0;
				PRODUCT_BUNDLE_IDENTIFIER = com.thanh.Habitors;
				PRODUCT_NAME = "$(TARGET_NAME)";
				SUPPORTED_PLATFORMS = "iphoneos iphonesimulator";
				SUPPORTS_MACCATALYST = NO;
				SUPPORTS_MAC_DESIGNED_FOR_IPHONE_IPAD = NO;
				SUPPORTS_XR_DESIGNED_FOR_IPHONE_IPAD = NO;
				SWIFT_EMIT_LOC_STRINGS = YES;
				SWIFT_VERSION = 5.0;
				TARGETED_DEVICE_FAMILY = 1;
			};
			name = Release;
		};
		FAABE52C2D89B0E300544254 /* Debug */ = {
			isa = XCBuildConfiguration;
			buildSettings = {
				ASSETCATALOG_COMPILER_GLOBAL_ACCENT_COLOR_NAME = AccentColor;
				ASSETCATALOG_COMPILER_WIDGET_BACKGROUND_COLOR_NAME = WidgetBackground;
				CODE_SIGN_STYLE = Automatic;
				CURRENT_PROJECT_VERSION = 1;
				DEVELOPMENT_TEAM = NS9ZL6QW8L;
				GENERATE_INFOPLIST_FILE = YES;
				INFOPLIST_FILE = HabitWidget/Info.plist;
				INFOPLIST_KEY_CFBundleDisplayName = HabitWidget;
				INFOPLIST_KEY_NSHumanReadableCopyright = "";
				LD_RUNPATH_SEARCH_PATHS = (
					"$(inherited)",
					"@executable_path/Frameworks",
					"@executable_path/../../Frameworks",
				);
				MARKETING_VERSION = 1.0;
				PRODUCT_BUNDLE_IDENTIFIER = com.thanh.Habitors.HabitWidget;
				PRODUCT_NAME = "$(TARGET_NAME)";
				SKIP_INSTALL = YES;
				SWIFT_EMIT_LOC_STRINGS = YES;
				SWIFT_VERSION = 5.0;
				TARGETED_DEVICE_FAMILY = "1,2";
			};
			name = Debug;
		};
		FAABE52D2D89B0E300544254 /* Release */ = {
			isa = XCBuildConfiguration;
			buildSettings = {
				ASSETCATALOG_COMPILER_GLOBAL_ACCENT_COLOR_NAME = AccentColor;
				ASSETCATALOG_COMPILER_WIDGET_BACKGROUND_COLOR_NAME = WidgetBackground;
				CODE_SIGN_STYLE = Automatic;
				CURRENT_PROJECT_VERSION = 1;
				DEVELOPMENT_TEAM = NS9ZL6QW8L;
				GENERATE_INFOPLIST_FILE = YES;
				INFOPLIST_FILE = HabitWidget/Info.plist;
				INFOPLIST_KEY_CFBundleDisplayName = HabitWidget;
				INFOPLIST_KEY_NSHumanReadableCopyright = "";
				LD_RUNPATH_SEARCH_PATHS = (
					"$(inherited)",
					"@executable_path/Frameworks",
					"@executable_path/../../Frameworks",
				);
				MARKETING_VERSION = 1.0;
				PRODUCT_BUNDLE_IDENTIFIER = com.thanh.Habitors.HabitWidget;
				PRODUCT_NAME = "$(TARGET_NAME)";
				SKIP_INSTALL = YES;
				SWIFT_EMIT_LOC_STRINGS = YES;
				SWIFT_VERSION = 5.0;
				TARGETED_DEVICE_FAMILY = "1,2";
			};
			name = Release;
		};
/* End XCBuildConfiguration section */

/* Begin XCConfigurationList section */
		FA03A0162D81F83F004875F9 /* Build configuration list for PBXProject "Habitors" */ = {
			isa = XCConfigurationList;
			buildConfigurations = (
				FA03A02D2D81F844004875F9 /* Debug */,
				FA03A02E2D81F844004875F9 /* Release */,
			);
			defaultConfigurationIsVisible = 0;
			defaultConfigurationName = Release;
		};
		FA03A02F2D81F844004875F9 /* Build configuration list for PBXNativeTarget "Habitors" */ = {
			isa = XCConfigurationList;
			buildConfigurations = (
				FA03A0302D81F844004875F9 /* Debug */,
				FA03A0312D81F844004875F9 /* Release */,
			);
			defaultConfigurationIsVisible = 0;
			defaultConfigurationName = Release;
		};
		FAABE52B2D89B0E300544254 /* Build configuration list for PBXNativeTarget "HabitWidgetExtension" */ = {
			isa = XCConfigurationList;
			buildConfigurations = (
				FAABE52C2D89B0E300544254 /* Debug */,
				FAABE52D2D89B0E300544254 /* Release */,
			);
			defaultConfigurationIsVisible = 0;
			defaultConfigurationName = Release;
		};
/* End XCConfigurationList section */

/* Begin XCRemoteSwiftPackageReference section */
		FAABE5102D888C6400544254 /* XCRemoteSwiftPackageReference "SakuraExtension" */ = {
			isa = XCRemoteSwiftPackageReference;
			repositoryURL = "https://github.com/Sakurathanh2003/SakuraExtension.git";
			requirement = {
				branch = develop;
				kind = branch;
			};
		};
/* End XCRemoteSwiftPackageReference section */

/* Begin XCSwiftPackageProductDependency section */
		FAABE5112D888C6400544254 /* SakuraExtension */ = {
			isa = XCSwiftPackageProductDependency;
			package = FAABE5102D888C6400544254 /* XCRemoteSwiftPackageReference "SakuraExtension" */;
			productName = SakuraExtension;
		};
/* End XCSwiftPackageProductDependency section */
	};
	rootObject = FA03A0132D81F83F004875F9 /* Project object */;
}
