{
  "originHash" : "df5639115b3a9fb5c55c6b4c8cac6b282a3384cb853866ae3a3c271c0493c70d",
  "pins" : [
    {
      "identity" : "audio",
      "kind" : "remoteSourceControl",
      "location" : "https://github.com/kenmueller/Audio.git",
      "state" : {
        "branch" : "master",
        "revision" : "c0b7ea48b42d18849179ad6fda6ca7a79a88cebd"
      }
    },
    {
      "identity" : "sakuraextension",
      "kind" : "remoteSourceControl",
      "location" : "https://github.com/Sakurathanh2003/SakuraExtension.git",
      "state" : {
        "branch" : "develop",
        "revision" : "21155db5b4fc84991fbb3376a2ff6331a80733fb"
      }
    },
    {
      "identity" : "seekbar",
      "kind" : "remoteSourceControl",
      "location" : "https://github.com/kim-minseong/SeekBar.git",
      "state" : {
        "branch" : "main",
        "revision" : "aad83f51a597c4ca1fb8512f284cd8de016073fb"
      }
    }
  ],
  "version" : 3
}
